<?xml version="1.0" encoding="utf-8"?>
<Project ToolsVersion="4.0" xmlns="http://schemas.microsoft.com/developer/msbuild/2003">
  <ItemGroup>
    <Filter Include="Source Files">
      <UniqueIdentifier>{4FC737F1-C7A5-4376-A066-2A32D752A2FF}</UniqueIdentifier>
      <Extensions>cpp;c;cc;cxx;def;odl;idl;hpj;bat;asm;asmx</Extensions>
    </Filter>
    <Filter Include="Header Files">
      <UniqueIdentifier>{93995380-89BD-4b04-88EB-625FBE52EBFB}</UniqueIdentifier>
      <Extensions>h;hh;hpp;hxx;hm;inl;inc;xsd</Extensions>
    </Filter>
    <Filter Include="Resource Files">
      <UniqueIdentifier>{67DA6AB6-F800-4c08-8B7A-83BB121AAD01}</UniqueIdentifier>
      <Extensions>rc;ico;cur;bmp;dlg;rc2;rct;bin;rgs;gif;jpg;jpeg;jpe;resx;tiff;tif;png;wav;mfcribbon-ms</Extensions>
    </Filter>
  </ItemGroup>
  <ItemGroup>
    <ClInclude Include="config.h">
      <Filter>Header Files</Filter>
    </ClInclude>
    <ClInclude Include="..\pcre.h">
      <Filter>Header Files</Filter>
    </ClInclude>
    <ClInclude Include="..\pcre_internal.h">
      <Filter>Header Files</Filter>
    </ClInclude>
    <ClInclude Include="..\pcre_scanner.h">
      <Filter>Header Files</Filter>
    </ClInclude>
    <ClInclude Include="..\pcre_stringpiece.h">
      <Filter>Header Files</Filter>
    </ClInclude>
    <ClInclude Include="..\pcrecpp.h">
      <Filter>Header Files</Filter>
    </ClInclude>
    <ClInclude Include="..\pcrecpp_internal.h">
      <Filter>Header Files</Filter>
    </ClInclude>
    <ClInclude Include="..\pcrecpparg.h">
      <Filter>Header Files</Filter>
    </ClInclude>
    <ClInclude Include="..\pcreposix.h">
      <Filter>Header Files</Filter>
    </ClInclude>
    <ClInclude Include="..\ucp.h">
      <Filter>Header Files</Filter>
    </ClInclude>
  </ItemGroup>
  <ItemGroup>
    <ClCompile Include="..\dftables.c">
      <Filter>Source Files</Filter>
    </ClCompile>
    <ClCompile Include="..\pcre_byte_order.c">
      <Filter>Source Files</Filter>
    </ClCompile>
    <ClCompile Include="..\pcre_chartables.c">
      <Filter>Source Files</Filter>
    </ClCompile>
    <ClCompile Include="..\pcre_compile.c">
      <Filter>Source Files</Filter>
    </ClCompile>
    <ClCompile Include="..\pcre_config.c">
      <Filter>Source Files</Filter>
    </ClCompile>
    <ClCompile Include="..\pcre_dfa_exec.c">
      <Filter>Source Files</Filter>
    </ClCompile>
    <ClCompile Include="..\pcre_exec.c">
      <Filter>Source Files</Filter>
    </ClCompile>
    <ClCompile Include="..\pcre_fullinfo.c">
      <Filter>Source Files</Filter>
    </ClCompile>
    <ClCompile Include="..\pcre_get.c">
      <Filter>Source Files</Filter>
    </ClCompile>
    <ClCompile Include="..\pcre_globals.c">
      <Filter>Source Files</Filter>
    </ClCompile>
    <ClCompile Include="..\pcre_jit_compile.c">
      <Filter>Source Files</Filter>
    </ClCompile>
    <ClCompile Include="..\pcre_jit_test.c">
      <Filter>Source Files</Filter>
    </ClCompile>
    <ClCompile Include="..\pcre_maketables.c">
      <Filter>Source Files</Filter>
    </ClCompile>
    <ClCompile Include="..\pcre_newline.c">
      <Filter>Source Files</Filter>
    </ClCompile>
    <ClCompile Include="..\pcre_ord2utf8.c">
      <Filter>Source Files</Filter>
    </ClCompile>
    <ClCompile Include="..\pcre_printint.c">
      <Filter>Source Files</Filter>
    </ClCompile>
    <ClCompile Include="..\pcre_refcount.c">
      <Filter>Source Files</Filter>
    </ClCompile>
    <ClCompile Include="..\pcre_scanner.cc">
      <Filter>Source Files</Filter>
    </ClCompile>
    <ClCompile Include="..\pcre_scanner_unittest.cc">
      <Filter>Source Files</Filter>
    </ClCompile>
    <ClCompile Include="..\pcre_string_utils.c">
      <Filter>Source Files</Filter>
    </ClCompile>
    <ClCompile Include="..\pcre_stringpiece.cc">
      <Filter>Source Files</Filter>
    </ClCompile>
    <ClCompile Include="..\pcre_stringpiece_unittest.cc">
      <Filter>Source Files</Filter>
    </ClCompile>
    <ClCompile Include="..\pcre_study.c">
      <Filter>Source Files</Filter>
    </ClCompile>
    <ClCompile Include="..\pcre_tables.c">
      <Filter>Source Files</Filter>
    </ClCompile>
    <ClCompile Include="..\pcre_ucd.c">
      <Filter>Source Files</Filter>
    </ClCompile>
    <ClCompile Include="..\pcre_valid_utf8.c">
      <Filter>Source Files</Filter>
    </ClCompile>
    <ClCompile Include="..\pcre_version.c">
      <Filter>Source Files</Filter>
    </ClCompile>
    <ClCompile Include="..\pcre_xclass.c">
      <Filter>Source Files</Filter>
    </ClCompile>
    <ClCompile Include="..\pcre16_byte_order.c">
      <Filter>Source Files</Filter>
    </ClCompile>
    <ClCompile Include="..\pcre16_chartables.c">
      <Filter>Source Files</Filter>
    </ClCompile>
    <ClCompile Include="..\pcre16_compile.c">
      <Filter>Source Files</Filter>
    </ClCompile>
    <ClCompile Include="..\pcre16_config.c">
      <Filter>Source Files</Filter>
    </ClCompile>
    <ClCompile Include="..\pcre16_dfa_exec.c">
      <Filter>Source Files</Filter>
    </ClCompile>
    <ClCompile Include="..\pcre16_exec.c">
      <Filter>Source Files</Filter>
    </ClCompile>
    <ClCompile Include="..\pcre16_fullinfo.c">
      <Filter>Source Files</Filter>
    </ClCompile>
    <ClCompile Include="..\pcre16_get.c">
      <Filter>Source Files</Filter>
    </ClCompile>
    <ClCompile Include="..\pcre16_globals.c">
      <Filter>Source Files</Filter>
    </ClCompile>
    <ClCompile Include="..\pcre16_jit_compile.c">
      <Filter>Source Files</Filter>
    </ClCompile>
    <ClCompile Include="..\pcre16_maketables.c">
      <Filter>Source Files</Filter>
    </ClCompile>
    <ClCompile Include="..\pcre16_newline.c">
      <Filter>Source Files</Filter>
    </ClCompile>
    <ClCompile Include="..\pcre16_ord2utf16.c">
      <Filter>Source Files</Filter>
    </ClCompile>
    <ClCompile Include="..\pcre16_printint.c">
      <Filter>Source Files</Filter>
    </ClCompile>
    <ClCompile Include="..\pcre16_refcount.c">
      <Filter>Source Files</Filter>
    </ClCompile>
    <ClCompile Include="..\pcre16_string_utils.c">
      <Filter>Source Files</Filter>
    </ClCompile>
    <ClCompile Include="..\pcre16_study.c">
      <Filter>Source Files</Filter>
    </ClCompile>
    <ClCompile Include="..\pcre16_tables.c">
      <Filter>Source Files</Filter>
    </ClCompile>
    <ClCompile Include="..\pcre16_ucd.c">
      <Filter>Source Files</Filter>
    </ClCompile>
    <ClCompile Include="..\pcre16_utf16_utils.c">
      <Filter>Source Files</Filter>
    </ClCompile>
    <ClCompile Include="..\pcre16_valid_utf16.c">
      <Filter>Source Files</Filter>
    </ClCompile>
    <ClCompile Include="..\pcre16_version.c">
      <Filter>Source Files</Filter>
    </ClCompile>
    <ClCompile Include="..\pcre16_xclass.c">
      <Filter>Source Files</Filter>
    </ClCompile>
    <ClCompile Include="..\pcre32_byte_order.c">
      <Filter>Source Files</Filter>
    </ClCompile>
    <ClCompile Include="..\pcre32_chartables.c">
      <Filter>Source Files</Filter>
    </ClCompile>
    <ClCompile Include="..\pcre32_compile.c">
      <Filter>Source Files</Filter>
    </ClCompile>
    <ClCompile Include="..\pcre32_config.c">
      <Filter>Source Files</Filter>
    </ClCompile>
    <ClCompile Include="..\pcre32_dfa_exec.c">
      <Filter>Source Files</Filter>
    </ClCompile>
    <ClCompile Include="..\pcre32_exec.c">
      <Filter>Source Files</Filter>
    </ClCompile>
    <ClCompile Include="..\pcre32_fullinfo.c">
      <Filter>Source Files</Filter>
    </ClCompile>
    <ClCompile Include="..\pcre32_get.c">
      <Filter>Source Files</Filter>
    </ClCompile>
    <ClCompile Include="..\pcre32_globals.c">
      <Filter>Source Files</Filter>
    </ClCompile>
    <ClCompile Include="..\pcre32_jit_compile.c">
      <Filter>Source Files</Filter>
    </ClCompile>
    <ClCompile Include="..\pcre32_maketables.c">
      <Filter>Source Files</Filter>
    </ClCompile>
    <ClCompile Include="..\pcre32_newline.c">
      <Filter>Source Files</Filter>
    </ClCompile>
    <ClCompile Include="..\pcre32_ord2utf32.c">
      <Filter>Source Files</Filter>
    </ClCompile>
    <ClCompile Include="..\pcre32_printint.c">
      <Filter>Source Files</Filter>
    </ClCompile>
    <ClCompile Include="..\pcre32_refcount.c">
      <Filter>Source Files</Filter>
    </ClCompile>
    <ClCompile Include="..\pcre32_string_utils.c">
      <Filter>Source Files</Filter>
    </ClCompile>
    <ClCompile Include="..\pcre32_study.c">
      <Filter>Source Files</Filter>
    </ClCompile>
    <ClCompile Include="..\pcre32_tables.c">
      <Filter>Source Files</Filter>
    </ClCompile>
    <ClCompile Include="..\pcre32_ucd.c">
      <Filter>Source Files</Filter>
    </ClCompile>
    <ClCompile Include="..\pcre32_utf32_utils.c">
      <Filter>Source Files</Filter>
    </ClCompile>
    <ClCompile Include="..\pcre32_valid_utf32.c">
      <Filter>Source Files</Filter>
    </ClCompile>
    <ClCompile Include="..\pcre32_version.c">
      <Filter>Source Files</Filter>
    </ClCompile>
    <ClCompile Include="..\pcre32_xclass.c">
      <Filter>Source Files</Filter>
    </ClCompile>
    <ClCompile Include="..\pcrecpp.cc">
      <Filter>Source Files</Filter>
    </ClCompile>
    <ClCompile Include="..\pcrecpp_unittest.cc">
      <Filter>Source Files</Filter>
    </ClCompile>
    <ClCompile Include="..\pcregrep.c">
      <Filter>Source Files</Filter>
    </ClCompile>
    <ClCompile Include="..\pcreposix.c">
      <Filter>Source Files</Filter>
    </ClCompile>
    <ClCompile Include="..\pcretest.c">
      <Filter>Source Files</Filter>
    </ClCompile>
    <ClCompile Include="..\pcredemo.c">
      <Filter>Source Files</Filter>
    </ClCompile>
  </ItemGroup>
</Project>