<?xml version="1.0" encoding="utf-8"?>
<Project ToolsVersion="4.0" xmlns="http://schemas.microsoft.com/developer/msbuild/2003">
  <ItemGroup>
    <Filter Include="Source Files">
      <UniqueIdentifier>{4FC737F1-C7A5-4376-A066-2A32D752A2FF}</UniqueIdentifier>
      <Extensions>cpp;c;cc;cxx;def;odl;idl;hpj;bat;asm;asmx</Extensions>
    </Filter>
    <Filter Include="Header Files">
      <UniqueIdentifier>{93995380-89BD-4b04-88EB-625FBE52EBFB}</UniqueIdentifier>
      <Extensions>h;hh;hpp;hxx;hm;inl;inc;xsd</Extensions>
    </Filter>
    <Filter Include="Resource Files">
      <UniqueIdentifier>{67DA6AB6-F800-4c08-8B7A-83BB121AAD01}</UniqueIdentifier>
      <Extensions>rc;ico;cur;bmp;dlg;rc2;rct;bin;rgs;gif;jpg;jpeg;jpe;resx;tiff;tif;png;wav;mfcribbon-ms</Extensions>
    </Filter>
    <Filter Include="set">
      <UniqueIdentifier>{7e42f769-1107-4bb8-a735-b36dd58a73f2}</UniqueIdentifier>
    </Filter>
    <Filter Include="map">
      <UniqueIdentifier>{4643c22d-c4b8-40db-b63f-b777a522fc6b}</UniqueIdentifier>
    </Filter>
  </ItemGroup>
  <ItemGroup>
    <ClCompile Include="..\..\libipset\general.c">
      <Filter>Source Files</Filter>
    </ClCompile>
    <ClCompile Include="..\..\libipset\bdd\assignments.c">
      <Filter>Source Files</Filter>
    </ClCompile>
    <ClCompile Include="..\..\libipset\bdd\basics.c">
      <Filter>Source Files</Filter>
    </ClCompile>
    <ClCompile Include="..\..\libipset\bdd\bdd-iterator.c">
      <Filter>Source Files</Filter>
    </ClCompile>
    <ClCompile Include="..\..\libipset\bdd\expanded.c">
      <Filter>Source Files</Filter>
    </ClCompile>
    <ClCompile Include="..\..\libipset\bdd\reachable.c">
      <Filter>Source Files</Filter>
    </ClCompile>
    <ClCompile Include="..\..\libipset\bdd\read.c">
      <Filter>Source Files</Filter>
    </ClCompile>
    <ClCompile Include="..\..\libipset\bdd\write.c">
      <Filter>Source Files</Filter>
    </ClCompile>
    <ClCompile Include="..\..\libipset\set\ipv4_set.c">
      <Filter>set</Filter>
    </ClCompile>
    <ClCompile Include="..\..\libipset\set\ipv6_set.c">
      <Filter>set</Filter>
    </ClCompile>
    <ClCompile Include="..\..\libipset\set\iterator.c">
      <Filter>set</Filter>
    </ClCompile>
    <ClCompile Include="..\..\libipset\set\storage.c">
      <Filter>set</Filter>
    </ClCompile>
    <ClCompile Include="..\..\libipset\set\allocation.c">
      <Filter>set</Filter>
    </ClCompile>
    <ClCompile Include="..\..\libipset\set\inspection.c">
      <Filter>set</Filter>
    </ClCompile>
    <ClCompile Include="..\..\libipset\map\ipv4_map.c">
      <Filter>map</Filter>
    </ClCompile>
    <ClCompile Include="..\..\libipset\map\ipv6_map.c">
      <Filter>map</Filter>
    </ClCompile>
    <ClCompile Include="..\..\libipset\map\storage.c">
      <Filter>map</Filter>
    </ClCompile>
    <ClCompile Include="..\..\libipset\map\allocation.c">
      <Filter>map</Filter>
    </ClCompile>
    <ClCompile Include="..\..\libipset\map\inspection.c">
      <Filter>map</Filter>
    </ClCompile>
  </ItemGroup>
  <ItemGroup>
    <Text Include="..\..\libipset\CMakeLists.txt" />
    <Text Include="..\..\libipset\LICENSE.txt" />
  </ItemGroup>
  <ItemGroup>
    <None Include="..\..\libipset\Makefile.am" />
    <None Include="..\..\libipset\Makefile.in" />
    <None Include="..\..\libipset\README.markdown" />
    <None Include="..\..\libipset\set\Makefile.am">
      <Filter>set</Filter>
    </None>
    <None Include="..\..\libipset\set\Makefile.in">
      <Filter>set</Filter>
    </None>
    <None Include="..\..\libipset\set\inspection-template.c.in">
      <Filter>set</Filter>
    </None>
    <None Include="libipset.def">
      <Filter>Source Files</Filter>
    </None>
    <None Include="..\..\libipset\map\Makefile.am">
      <Filter>map</Filter>
    </None>
    <None Include="..\..\libipset\map\Makefile.in">
      <Filter>map</Filter>
    </None>
    <None Include="..\..\libipset\map\inspection-template.c.in">
      <Filter>map</Filter>
    </None>
  </ItemGroup>
  <ItemGroup>
    <ClInclude Include="..\..\libipset\include\ipset\bdd\nodes.h">
      <Filter>Header Files</Filter>
    </ClInclude>
    <ClInclude Include="..\..\libipset\include\ipset\bits.h">
      <Filter>Header Files</Filter>
    </ClInclude>
    <ClInclude Include="..\..\libipset\include\ipset\errors.h">
      <Filter>Header Files</Filter>
    </ClInclude>
    <ClInclude Include="..\..\libipset\include\ipset\ipset.h">
      <Filter>Header Files</Filter>
    </ClInclude>
    <ClInclude Include="..\..\libipset\include\ipset\logging.h">
      <Filter>Header Files</Filter>
    </ClInclude>
  </ItemGroup>
</Project>