
Microsoft Visual Studio Solution File, Format Version 12.00
# Visual Studio 14
VisualStudioVersion = 14.0.24720.0
MinimumVisualStudioVersion = 10.0.40219.1
Project("{8BC9CEB8-8B4A-11D0-8D11-00A0C91BC942}") = "ssr-client", "ssr-client\ssr-client.vcxproj", "{F97AD980-48B0-4C94-9662-499EFEE4AB44}"
	ProjectSection(ProjectDependencies) = postProject
		{663D1B2D-6BB0-43FA-BB4A-2769C0B80E85} = {663D1B2D-6BB0-43FA-BB4A-2769C0B80E85}
		{44EA013F-AD0F-4D53-8E06-0B4EF26F4B65} = {44EA013F-AD0F-4D53-8E06-0B4EF26F4B65}
		{F1F4BA6A-0368-4F34-95BB-C29A2244A772} = {F1F4BA6A-0368-4F34-95BB-C29A2244A772}
		{A185B162-6CB6-4502-B03F-B56F7699A8D9} = {A185B162-6CB6-4502-B03F-B56F7699A8D9}
	EndProjectSection
EndProject
Project("{8BC9CEB8-8B4A-11D0-8D11-00A0C91BC942}") = "libsodium", "..\depends\libsodium\ssrbuild\libsodium.vcxproj", "{A185B162-6CB6-4502-B03F-B56F7699A8D9}"
EndProject
Project("{2150E333-8FDC-42A3-9474-1A3956D46DE8}") = "Solution Items", "Solution Items", "{70412B63-AABC-4DE7-AF99-E5B84BC086BA}"
EndProject
Project("{8BC9CEB8-8B4A-11D0-8D11-00A0C91BC942}") = "libuv", "libuv\libuv.vcxproj", "{44EA013F-AD0F-4D53-8E06-0B4EF26F4B65}"
EndProject
Project("{8BC9CEB8-8B4A-11D0-8D11-00A0C91BC942}") = "json-c", "..\depends\json-c\win32\json-c.vcxproj", "{F1F4BA6A-0368-4F34-95BB-C29A2244A772}"
EndProject
Project("{8BC9CEB8-8B4A-11D0-8D11-00A0C91BC942}") = "libcrypto", "..\depends\openssl\win32\libcrypto\libcrypto.vcxproj", "{663D1B2D-6BB0-43FA-BB4A-2769C0B80E85}"
EndProject
Global
	GlobalSection(SolutionConfigurationPlatforms) = preSolution
		Debug|x64 = Debug|x64
		Debug|x86 = Debug|x86
		Release|x64 = Release|x64
		Release|x86 = Release|x86
	EndGlobalSection
	GlobalSection(ProjectConfigurationPlatforms) = postSolution
		{F97AD980-48B0-4C94-9662-499EFEE4AB44}.Debug|x64.ActiveCfg = Debug|x64
		{F97AD980-48B0-4C94-9662-499EFEE4AB44}.Debug|x64.Build.0 = Debug|x64
		{F97AD980-48B0-4C94-9662-499EFEE4AB44}.Debug|x86.ActiveCfg = Debug|Win32
		{F97AD980-48B0-4C94-9662-499EFEE4AB44}.Debug|x86.Build.0 = Debug|Win32
		{F97AD980-48B0-4C94-9662-499EFEE4AB44}.Release|x64.ActiveCfg = Release|x64
		{F97AD980-48B0-4C94-9662-499EFEE4AB44}.Release|x64.Build.0 = Release|x64
		{F97AD980-48B0-4C94-9662-499EFEE4AB44}.Release|x86.ActiveCfg = Release|Win32
		{F97AD980-48B0-4C94-9662-499EFEE4AB44}.Release|x86.Build.0 = Release|Win32
		{A185B162-6CB6-4502-B03F-B56F7699A8D9}.Debug|x64.ActiveCfg = Debug|x64
		{A185B162-6CB6-4502-B03F-B56F7699A8D9}.Debug|x64.Build.0 = Debug|x64
		{A185B162-6CB6-4502-B03F-B56F7699A8D9}.Debug|x86.ActiveCfg = Debug|Win32
		{A185B162-6CB6-4502-B03F-B56F7699A8D9}.Debug|x86.Build.0 = Debug|Win32
		{A185B162-6CB6-4502-B03F-B56F7699A8D9}.Release|x64.ActiveCfg = Release|x64
		{A185B162-6CB6-4502-B03F-B56F7699A8D9}.Release|x64.Build.0 = Release|x64
		{A185B162-6CB6-4502-B03F-B56F7699A8D9}.Release|x86.ActiveCfg = Release|Win32
		{A185B162-6CB6-4502-B03F-B56F7699A8D9}.Release|x86.Build.0 = Release|Win32
		{44EA013F-AD0F-4D53-8E06-0B4EF26F4B65}.Debug|x64.ActiveCfg = Debug|x64
		{44EA013F-AD0F-4D53-8E06-0B4EF26F4B65}.Debug|x64.Build.0 = Debug|x64
		{44EA013F-AD0F-4D53-8E06-0B4EF26F4B65}.Debug|x86.ActiveCfg = Debug|Win32
		{44EA013F-AD0F-4D53-8E06-0B4EF26F4B65}.Debug|x86.Build.0 = Debug|Win32
		{44EA013F-AD0F-4D53-8E06-0B4EF26F4B65}.Release|x64.ActiveCfg = Release|x64
		{44EA013F-AD0F-4D53-8E06-0B4EF26F4B65}.Release|x64.Build.0 = Release|x64
		{44EA013F-AD0F-4D53-8E06-0B4EF26F4B65}.Release|x86.ActiveCfg = Release|Win32
		{44EA013F-AD0F-4D53-8E06-0B4EF26F4B65}.Release|x86.Build.0 = Release|Win32
		{F1F4BA6A-0368-4F34-95BB-C29A2244A772}.Debug|x64.ActiveCfg = Debug|x64
		{F1F4BA6A-0368-4F34-95BB-C29A2244A772}.Debug|x64.Build.0 = Debug|x64
		{F1F4BA6A-0368-4F34-95BB-C29A2244A772}.Debug|x86.ActiveCfg = Debug|Win32
		{F1F4BA6A-0368-4F34-95BB-C29A2244A772}.Debug|x86.Build.0 = Debug|Win32
		{F1F4BA6A-0368-4F34-95BB-C29A2244A772}.Release|x64.ActiveCfg = Release|x64
		{F1F4BA6A-0368-4F34-95BB-C29A2244A772}.Release|x64.Build.0 = Release|x64
		{F1F4BA6A-0368-4F34-95BB-C29A2244A772}.Release|x86.ActiveCfg = Release|Win32
		{F1F4BA6A-0368-4F34-95BB-C29A2244A772}.Release|x86.Build.0 = Release|Win32
		{663D1B2D-6BB0-43FA-BB4A-2769C0B80E85}.Debug|x64.ActiveCfg = Debug|x64
		{663D1B2D-6BB0-43FA-BB4A-2769C0B80E85}.Debug|x64.Build.0 = Debug|x64
		{663D1B2D-6BB0-43FA-BB4A-2769C0B80E85}.Debug|x86.ActiveCfg = Debug|Win32
		{663D1B2D-6BB0-43FA-BB4A-2769C0B80E85}.Debug|x86.Build.0 = Debug|Win32
		{663D1B2D-6BB0-43FA-BB4A-2769C0B80E85}.Release|x64.ActiveCfg = Release|x64
		{663D1B2D-6BB0-43FA-BB4A-2769C0B80E85}.Release|x64.Build.0 = Release|x64
		{663D1B2D-6BB0-43FA-BB4A-2769C0B80E85}.Release|x86.ActiveCfg = Release|Win32
		{663D1B2D-6BB0-43FA-BB4A-2769C0B80E85}.Release|x86.Build.0 = Release|Win32
	EndGlobalSection
	GlobalSection(SolutionProperties) = preSolution
		HideSolutionNode = FALSE
	EndGlobalSection
EndGlobal
