
Microsoft Visual Studio Solution File, Format Version 12.00
# Visual Studio 14
VisualStudioVersion = 14.0.24720.0
MinimumVisualStudioVersion = 10.0.40219.1
Project("{8BC9CEB8-8B4A-11D0-8D11-00A0C91BC942}") = "libsodium", "libsodium\libsodium.vcxproj", "{26D5A4F7-2AC2-4FA2-A9F8-F25120B10BB5}"
EndProject
Project("{2150E333-8FDC-42A3-9474-1A3956D46DE8}") = "Solution Items", "Solution Items", "{70412B63-AABC-4DE7-AF99-E5B84BC086BA}"
EndProject
Project("{8BC9CEB8-8B4A-11D0-8D11-00A0C91BC942}") = "libcork", "libcork\libcork.vcxproj", "{86BF073F-D15A-4952-A7DF-0F4C29C93EB4}"
	ProjectSection(ProjectDependencies) = postProject
		{2E31B77F-BB1B-4294-8178-FCC0CEDD6D34} = {2E31B77F-BB1B-4294-8178-FCC0CEDD6D34}
	EndProjectSection
EndProject
Project("{8BC9CEB8-8B4A-11D0-8D11-00A0C91BC942}") = "libudns", "libudns\libudns.vcxproj", "{C9840117-C1B9-43F1-9D18-A91AEB56F4C9}"
EndProject
Project("{8BC9CEB8-8B4A-11D0-8D11-00A0C91BC942}") = "libipset", "libipset\libipset.vcxproj", "{AEDC5EB8-DF34-4A42-AB79-32B2FDFA0640}"
	ProjectSection(ProjectDependencies) = postProject
		{86BF073F-D15A-4952-A7DF-0F4C29C93EB4} = {86BF073F-D15A-4952-A7DF-0F4C29C93EB4}
	EndProjectSection
EndProject
Project("{8BC9CEB8-8B4A-11D0-8D11-00A0C91BC942}") = "libcrypto", "..\depends\openssl4w\win32\libcrypto\libcrypto.vcxproj", "{663D1B2D-6BB0-43FA-BB4A-2769C0B80E85}"
EndProject
Project("{8BC9CEB8-8B4A-11D0-8D11-00A0C91BC942}") = "pcre", "..\depends\pcre4w\win32\pcre.vcxproj", "{7B2F6734-4D74-4598-BABA-025A636057B5}"
EndProject
Project("{8BC9CEB8-8B4A-11D0-8D11-00A0C91BC942}") = "pthreads", "..\depends\pthreads4w\win32\pthreads.vcxproj", "{2E31B77F-BB1B-4294-8178-FCC0CEDD6D34}"
EndProject
Project("{8BC9CEB8-8B4A-11D0-8D11-00A0C91BC942}") = "libuv", "libuv\libuv.vcxproj", "{44EA013F-AD0F-4D53-8E06-0B4EF26F4B65}"
EndProject
Project("{8BC9CEB8-8B4A-11D0-8D11-00A0C91BC942}") = "ssr-old", "ssr-client\ssr-old.vcxproj", "{FF0C1545-CB8D-4AAD-9962-0AADAC37C456}"
	ProjectSection(ProjectDependencies) = postProject
		{C9840117-C1B9-43F1-9D18-A91AEB56F4C9} = {C9840117-C1B9-43F1-9D18-A91AEB56F4C9}
		{663D1B2D-6BB0-43FA-BB4A-2769C0B80E85} = {663D1B2D-6BB0-43FA-BB4A-2769C0B80E85}
		{7B2F6734-4D74-4598-BABA-025A636057B5} = {7B2F6734-4D74-4598-BABA-025A636057B5}
		{44EA013F-AD0F-4D53-8E06-0B4EF26F4B65} = {44EA013F-AD0F-4D53-8E06-0B4EF26F4B65}
		{86BF073F-D15A-4952-A7DF-0F4C29C93EB4} = {86BF073F-D15A-4952-A7DF-0F4C29C93EB4}
		{2E31B77F-BB1B-4294-8178-FCC0CEDD6D34} = {2E31B77F-BB1B-4294-8178-FCC0CEDD6D34}
		{AEDC5EB8-DF34-4A42-AB79-32B2FDFA0640} = {AEDC5EB8-DF34-4A42-AB79-32B2FDFA0640}
		{26D5A4F7-2AC2-4FA2-A9F8-F25120B10BB5} = {26D5A4F7-2AC2-4FA2-A9F8-F25120B10BB5}
	EndProjectSection
EndProject
Global
	GlobalSection(SolutionConfigurationPlatforms) = preSolution
		Debug|x64 = Debug|x64
		Debug|x86 = Debug|x86
		Release|x64 = Release|x64
		Release|x86 = Release|x86
	EndGlobalSection
	GlobalSection(ProjectConfigurationPlatforms) = postSolution
		{26D5A4F7-2AC2-4FA2-A9F8-F25120B10BB5}.Debug|x64.ActiveCfg = Debug|x64
		{26D5A4F7-2AC2-4FA2-A9F8-F25120B10BB5}.Debug|x64.Build.0 = Debug|x64
		{26D5A4F7-2AC2-4FA2-A9F8-F25120B10BB5}.Debug|x86.ActiveCfg = Debug|Win32
		{26D5A4F7-2AC2-4FA2-A9F8-F25120B10BB5}.Debug|x86.Build.0 = Debug|Win32
		{26D5A4F7-2AC2-4FA2-A9F8-F25120B10BB5}.Release|x64.ActiveCfg = Release|x64
		{26D5A4F7-2AC2-4FA2-A9F8-F25120B10BB5}.Release|x64.Build.0 = Release|x64
		{26D5A4F7-2AC2-4FA2-A9F8-F25120B10BB5}.Release|x86.ActiveCfg = Release|Win32
		{26D5A4F7-2AC2-4FA2-A9F8-F25120B10BB5}.Release|x86.Build.0 = Release|Win32
		{86BF073F-D15A-4952-A7DF-0F4C29C93EB4}.Debug|x64.ActiveCfg = Debug|x64
		{86BF073F-D15A-4952-A7DF-0F4C29C93EB4}.Debug|x64.Build.0 = Debug|x64
		{86BF073F-D15A-4952-A7DF-0F4C29C93EB4}.Debug|x86.ActiveCfg = Debug|Win32
		{86BF073F-D15A-4952-A7DF-0F4C29C93EB4}.Debug|x86.Build.0 = Debug|Win32
		{86BF073F-D15A-4952-A7DF-0F4C29C93EB4}.Release|x64.ActiveCfg = Release|x64
		{86BF073F-D15A-4952-A7DF-0F4C29C93EB4}.Release|x64.Build.0 = Release|x64
		{86BF073F-D15A-4952-A7DF-0F4C29C93EB4}.Release|x86.ActiveCfg = Release|Win32
		{86BF073F-D15A-4952-A7DF-0F4C29C93EB4}.Release|x86.Build.0 = Release|Win32
		{C9840117-C1B9-43F1-9D18-A91AEB56F4C9}.Debug|x64.ActiveCfg = Debug|x64
		{C9840117-C1B9-43F1-9D18-A91AEB56F4C9}.Debug|x64.Build.0 = Debug|x64
		{C9840117-C1B9-43F1-9D18-A91AEB56F4C9}.Debug|x86.ActiveCfg = Debug|Win32
		{C9840117-C1B9-43F1-9D18-A91AEB56F4C9}.Debug|x86.Build.0 = Debug|Win32
		{C9840117-C1B9-43F1-9D18-A91AEB56F4C9}.Release|x64.ActiveCfg = Release|x64
		{C9840117-C1B9-43F1-9D18-A91AEB56F4C9}.Release|x64.Build.0 = Release|x64
		{C9840117-C1B9-43F1-9D18-A91AEB56F4C9}.Release|x86.ActiveCfg = Release|Win32
		{C9840117-C1B9-43F1-9D18-A91AEB56F4C9}.Release|x86.Build.0 = Release|Win32
		{AEDC5EB8-DF34-4A42-AB79-32B2FDFA0640}.Debug|x64.ActiveCfg = Debug|x64
		{AEDC5EB8-DF34-4A42-AB79-32B2FDFA0640}.Debug|x64.Build.0 = Debug|x64
		{AEDC5EB8-DF34-4A42-AB79-32B2FDFA0640}.Debug|x86.ActiveCfg = Debug|Win32
		{AEDC5EB8-DF34-4A42-AB79-32B2FDFA0640}.Debug|x86.Build.0 = Debug|Win32
		{AEDC5EB8-DF34-4A42-AB79-32B2FDFA0640}.Release|x64.ActiveCfg = Release|x64
		{AEDC5EB8-DF34-4A42-AB79-32B2FDFA0640}.Release|x64.Build.0 = Release|x64
		{AEDC5EB8-DF34-4A42-AB79-32B2FDFA0640}.Release|x86.ActiveCfg = Release|Win32
		{AEDC5EB8-DF34-4A42-AB79-32B2FDFA0640}.Release|x86.Build.0 = Release|Win32
		{663D1B2D-6BB0-43FA-BB4A-2769C0B80E85}.Debug|x64.ActiveCfg = Debug|x64
		{663D1B2D-6BB0-43FA-BB4A-2769C0B80E85}.Debug|x64.Build.0 = Debug|x64
		{663D1B2D-6BB0-43FA-BB4A-2769C0B80E85}.Debug|x86.ActiveCfg = Debug|Win32
		{663D1B2D-6BB0-43FA-BB4A-2769C0B80E85}.Debug|x86.Build.0 = Debug|Win32
		{663D1B2D-6BB0-43FA-BB4A-2769C0B80E85}.Release|x64.ActiveCfg = Release|x64
		{663D1B2D-6BB0-43FA-BB4A-2769C0B80E85}.Release|x64.Build.0 = Release|x64
		{663D1B2D-6BB0-43FA-BB4A-2769C0B80E85}.Release|x86.ActiveCfg = Release|Win32
		{663D1B2D-6BB0-43FA-BB4A-2769C0B80E85}.Release|x86.Build.0 = Release|Win32
		{7B2F6734-4D74-4598-BABA-025A636057B5}.Debug|x64.ActiveCfg = Debug|x64
		{7B2F6734-4D74-4598-BABA-025A636057B5}.Debug|x64.Build.0 = Debug|x64
		{7B2F6734-4D74-4598-BABA-025A636057B5}.Debug|x86.ActiveCfg = Debug|Win32
		{7B2F6734-4D74-4598-BABA-025A636057B5}.Debug|x86.Build.0 = Debug|Win32
		{7B2F6734-4D74-4598-BABA-025A636057B5}.Release|x64.ActiveCfg = Release|x64
		{7B2F6734-4D74-4598-BABA-025A636057B5}.Release|x64.Build.0 = Release|x64
		{7B2F6734-4D74-4598-BABA-025A636057B5}.Release|x86.ActiveCfg = Release|Win32
		{7B2F6734-4D74-4598-BABA-025A636057B5}.Release|x86.Build.0 = Release|Win32
		{2E31B77F-BB1B-4294-8178-FCC0CEDD6D34}.Debug|x64.ActiveCfg = Debug|x64
		{2E31B77F-BB1B-4294-8178-FCC0CEDD6D34}.Debug|x64.Build.0 = Debug|x64
		{2E31B77F-BB1B-4294-8178-FCC0CEDD6D34}.Debug|x86.ActiveCfg = Debug|Win32
		{2E31B77F-BB1B-4294-8178-FCC0CEDD6D34}.Debug|x86.Build.0 = Debug|Win32
		{2E31B77F-BB1B-4294-8178-FCC0CEDD6D34}.Release|x64.ActiveCfg = Release|x64
		{2E31B77F-BB1B-4294-8178-FCC0CEDD6D34}.Release|x64.Build.0 = Release|x64
		{2E31B77F-BB1B-4294-8178-FCC0CEDD6D34}.Release|x86.ActiveCfg = Release|Win32
		{2E31B77F-BB1B-4294-8178-FCC0CEDD6D34}.Release|x86.Build.0 = Release|Win32
		{44EA013F-AD0F-4D53-8E06-0B4EF26F4B65}.Debug|x64.ActiveCfg = Debug|x64
		{44EA013F-AD0F-4D53-8E06-0B4EF26F4B65}.Debug|x64.Build.0 = Debug|x64
		{44EA013F-AD0F-4D53-8E06-0B4EF26F4B65}.Debug|x86.ActiveCfg = Debug|Win32
		{44EA013F-AD0F-4D53-8E06-0B4EF26F4B65}.Debug|x86.Build.0 = Debug|Win32
		{44EA013F-AD0F-4D53-8E06-0B4EF26F4B65}.Release|x64.ActiveCfg = Release|x64
		{44EA013F-AD0F-4D53-8E06-0B4EF26F4B65}.Release|x64.Build.0 = Release|x64
		{44EA013F-AD0F-4D53-8E06-0B4EF26F4B65}.Release|x86.ActiveCfg = Release|Win32
		{44EA013F-AD0F-4D53-8E06-0B4EF26F4B65}.Release|x86.Build.0 = Release|Win32
		{FF0C1545-CB8D-4AAD-9962-0AADAC37C456}.Debug|x64.ActiveCfg = Debug|x64
		{FF0C1545-CB8D-4AAD-9962-0AADAC37C456}.Debug|x64.Build.0 = Debug|x64
		{FF0C1545-CB8D-4AAD-9962-0AADAC37C456}.Debug|x86.ActiveCfg = Debug|Win32
		{FF0C1545-CB8D-4AAD-9962-0AADAC37C456}.Debug|x86.Build.0 = Debug|Win32
		{FF0C1545-CB8D-4AAD-9962-0AADAC37C456}.Release|x64.ActiveCfg = Release|x64
		{FF0C1545-CB8D-4AAD-9962-0AADAC37C456}.Release|x64.Build.0 = Release|x64
		{FF0C1545-CB8D-4AAD-9962-0AADAC37C456}.Release|x86.ActiveCfg = Release|Win32
		{FF0C1545-CB8D-4AAD-9962-0AADAC37C456}.Release|x86.Build.0 = Release|Win32
	EndGlobalSection
	GlobalSection(SolutionProperties) = preSolution
		HideSolutionNode = FALSE
	EndGlobalSection
EndGlobal
