
Microsoft Visual Studio Solution File, Format Version 11.00
# Visual C++ Express 2010
Project("{8BC9CEB8-8B4A-11D0-8D11-00A0C91BC942}") = "libsodium", "..\depends\libsodium\ssrbuild\libsodium.vcxproj", "{A185B162-6CB6-4502-B03F-B56F7699A8D9}"
EndProject
Project("{8BC9CEB8-8B4A-11D0-8D11-00A0C91BC942}") = "libcork", "libcork\libcork.vcxproj", "{86BF073F-D15A-4952-A7DF-0F4C29C93EB4}"
	ProjectSection(ProjectDependencies) = postProject
		{2E31B77F-BB1B-4294-8178-FCC0CEDD6D34} = {2E31B77F-BB1B-4294-8178-FCC0CEDD6D34}
	EndProjectSection
EndProject
Project("{8BC9CEB8-8B4A-11D0-8D11-00A0C91BC942}") = "libudns", "libudns\libudns.vcxproj", "{C9840117-C1B9-43F1-9D18-A91AEB56F4C9}"
EndProject
Project("{8BC9CEB8-8B4A-11D0-8D11-00A0C91BC942}") = "libipset", "libipset\libipset.vcxproj", "{AEDC5EB8-DF34-4A42-AB79-32B2FDFA0640}"
	ProjectSection(ProjectDependencies) = postProject
		{86BF073F-D15A-4952-A7DF-0F4C29C93EB4} = {86BF073F-D15A-4952-A7DF-0F4C29C93EB4}
	EndProjectSection
EndProject
Project("{8BC9CEB8-8B4A-11D0-8D11-00A0C91BC942}") = "pcre", "..\depends\pcre\win32\pcre.vcxproj", "{7B2F6734-4D74-4598-BABA-025A636057B5}"
EndProject
Project("{8BC9CEB8-8B4A-11D0-8D11-00A0C91BC942}") = "pthreads", "..\depends\pthreads4w\win32\pthreads.vcxproj", "{2E31B77F-BB1B-4294-8178-FCC0CEDD6D34}"
EndProject
Project("{8BC9CEB8-8B4A-11D0-8D11-00A0C91BC942}") = "libuv", "..\depends\libuv\win32\libuv.vcxproj", "{44EA013F-AD0F-4D53-8E06-0B4EF26F4B65}"
EndProject
Project("{8BC9CEB8-8B4A-11D0-8D11-00A0C91BC942}") = "ssr-local", "ssr-local\ssr-local.vcxproj", "{FF0C1545-CB8D-4AAD-9962-0AADAC37C456}"
	ProjectSection(ProjectDependencies) = postProject
		{C9840117-C1B9-43F1-9D18-A91AEB56F4C9} = {C9840117-C1B9-43F1-9D18-A91AEB56F4C9}
		{46CF2D25-6A36-4189-B59C-E4815388E554} = {46CF2D25-6A36-4189-B59C-E4815388E554}
		{7B2F6734-4D74-4598-BABA-025A636057B5} = {7B2F6734-4D74-4598-BABA-025A636057B5}
		{44EA013F-AD0F-4D53-8E06-0B4EF26F4B65} = {44EA013F-AD0F-4D53-8E06-0B4EF26F4B65}
		{86BF073F-D15A-4952-A7DF-0F4C29C93EB4} = {86BF073F-D15A-4952-A7DF-0F4C29C93EB4}
		{A185B162-6CB6-4502-B03F-B56F7699A8D9} = {A185B162-6CB6-4502-B03F-B56F7699A8D9}
		{2E31B77F-BB1B-4294-8178-FCC0CEDD6D34} = {2E31B77F-BB1B-4294-8178-FCC0CEDD6D34}
		{AEDC5EB8-DF34-4A42-AB79-32B2FDFA0640} = {AEDC5EB8-DF34-4A42-AB79-32B2FDFA0640}
	EndProjectSection
EndProject
Project("{8BC9CEB8-8B4A-11D0-8D11-00A0C91BC942}") = "mbedTLS", "..\depends\mbedtls\visualc\vs2015\mbedTLS.vcxproj", "{46CF2D25-6A36-4189-B59C-E4815388E554}"
EndProject
Global
	GlobalSection(SolutionConfigurationPlatforms) = preSolution
		Debug|x64 = Debug|x64
		Debug|Win32 = Debug|Win32
		Release|x64 = Release|x64
		Release|Win32 = Release|Win32
	EndGlobalSection
	GlobalSection(ProjectConfigurationPlatforms) = postSolution
		{A185B162-6CB6-4502-B03F-B56F7699A8D9}.Debug|x64.ActiveCfg = Debug|x64
		{A185B162-6CB6-4502-B03F-B56F7699A8D9}.Debug|x64.Build.0 = Debug|x64
		{A185B162-6CB6-4502-B03F-B56F7699A8D9}.Debug|Win32.ActiveCfg = Debug|Win32
		{A185B162-6CB6-4502-B03F-B56F7699A8D9}.Debug|Win32.Build.0 = Debug|Win32
		{A185B162-6CB6-4502-B03F-B56F7699A8D9}.Release|x64.ActiveCfg = Release|x64
		{A185B162-6CB6-4502-B03F-B56F7699A8D9}.Release|x64.Build.0 = Release|x64
		{A185B162-6CB6-4502-B03F-B56F7699A8D9}.Release|Win32.ActiveCfg = Release|Win32
		{A185B162-6CB6-4502-B03F-B56F7699A8D9}.Release|Win32.Build.0 = Release|Win32
		{86BF073F-D15A-4952-A7DF-0F4C29C93EB4}.Debug|x64.ActiveCfg = Debug|x64
		{86BF073F-D15A-4952-A7DF-0F4C29C93EB4}.Debug|x64.Build.0 = Debug|x64
		{86BF073F-D15A-4952-A7DF-0F4C29C93EB4}.Debug|Win32.ActiveCfg = Debug|Win32
		{86BF073F-D15A-4952-A7DF-0F4C29C93EB4}.Debug|Win32.Build.0 = Debug|Win32
		{86BF073F-D15A-4952-A7DF-0F4C29C93EB4}.Release|x64.ActiveCfg = Release|x64
		{86BF073F-D15A-4952-A7DF-0F4C29C93EB4}.Release|x64.Build.0 = Release|x64
		{86BF073F-D15A-4952-A7DF-0F4C29C93EB4}.Release|Win32.ActiveCfg = Release|Win32
		{86BF073F-D15A-4952-A7DF-0F4C29C93EB4}.Release|Win32.Build.0 = Release|Win32
		{C9840117-C1B9-43F1-9D18-A91AEB56F4C9}.Debug|x64.ActiveCfg = Debug|x64
		{C9840117-C1B9-43F1-9D18-A91AEB56F4C9}.Debug|x64.Build.0 = Debug|x64
		{C9840117-C1B9-43F1-9D18-A91AEB56F4C9}.Debug|Win32.ActiveCfg = Debug|Win32
		{C9840117-C1B9-43F1-9D18-A91AEB56F4C9}.Debug|Win32.Build.0 = Debug|Win32
		{C9840117-C1B9-43F1-9D18-A91AEB56F4C9}.Release|x64.ActiveCfg = Release|x64
		{C9840117-C1B9-43F1-9D18-A91AEB56F4C9}.Release|x64.Build.0 = Release|x64
		{C9840117-C1B9-43F1-9D18-A91AEB56F4C9}.Release|Win32.ActiveCfg = Release|Win32
		{C9840117-C1B9-43F1-9D18-A91AEB56F4C9}.Release|Win32.Build.0 = Release|Win32
		{AEDC5EB8-DF34-4A42-AB79-32B2FDFA0640}.Debug|x64.ActiveCfg = Debug|x64
		{AEDC5EB8-DF34-4A42-AB79-32B2FDFA0640}.Debug|x64.Build.0 = Debug|x64
		{AEDC5EB8-DF34-4A42-AB79-32B2FDFA0640}.Debug|Win32.ActiveCfg = Debug|Win32
		{AEDC5EB8-DF34-4A42-AB79-32B2FDFA0640}.Debug|Win32.Build.0 = Debug|Win32
		{AEDC5EB8-DF34-4A42-AB79-32B2FDFA0640}.Release|x64.ActiveCfg = Release|x64
		{AEDC5EB8-DF34-4A42-AB79-32B2FDFA0640}.Release|x64.Build.0 = Release|x64
		{AEDC5EB8-DF34-4A42-AB79-32B2FDFA0640}.Release|Win32.ActiveCfg = Release|Win32
		{AEDC5EB8-DF34-4A42-AB79-32B2FDFA0640}.Release|Win32.Build.0 = Release|Win32
		{7B2F6734-4D74-4598-BABA-025A636057B5}.Debug|x64.ActiveCfg = Debug|x64
		{7B2F6734-4D74-4598-BABA-025A636057B5}.Debug|x64.Build.0 = Debug|x64
		{7B2F6734-4D74-4598-BABA-025A636057B5}.Debug|Win32.ActiveCfg = Debug|Win32
		{7B2F6734-4D74-4598-BABA-025A636057B5}.Debug|Win32.Build.0 = Debug|Win32
		{7B2F6734-4D74-4598-BABA-025A636057B5}.Release|x64.ActiveCfg = Release|x64
		{7B2F6734-4D74-4598-BABA-025A636057B5}.Release|x64.Build.0 = Release|x64
		{7B2F6734-4D74-4598-BABA-025A636057B5}.Release|Win32.ActiveCfg = Release|Win32
		{7B2F6734-4D74-4598-BABA-025A636057B5}.Release|Win32.Build.0 = Release|Win32
		{2E31B77F-BB1B-4294-8178-FCC0CEDD6D34}.Debug|x64.ActiveCfg = Debug|x64
		{2E31B77F-BB1B-4294-8178-FCC0CEDD6D34}.Debug|x64.Build.0 = Debug|x64
		{2E31B77F-BB1B-4294-8178-FCC0CEDD6D34}.Debug|Win32.ActiveCfg = Debug|Win32
		{2E31B77F-BB1B-4294-8178-FCC0CEDD6D34}.Debug|Win32.Build.0 = Debug|Win32
		{2E31B77F-BB1B-4294-8178-FCC0CEDD6D34}.Release|x64.ActiveCfg = Release|x64
		{2E31B77F-BB1B-4294-8178-FCC0CEDD6D34}.Release|x64.Build.0 = Release|x64
		{2E31B77F-BB1B-4294-8178-FCC0CEDD6D34}.Release|Win32.ActiveCfg = Release|Win32
		{2E31B77F-BB1B-4294-8178-FCC0CEDD6D34}.Release|Win32.Build.0 = Release|Win32
		{44EA013F-AD0F-4D53-8E06-0B4EF26F4B65}.Debug|x64.ActiveCfg = Debug|x64
		{44EA013F-AD0F-4D53-8E06-0B4EF26F4B65}.Debug|x64.Build.0 = Debug|x64
		{44EA013F-AD0F-4D53-8E06-0B4EF26F4B65}.Debug|Win32.ActiveCfg = Debug|Win32
		{44EA013F-AD0F-4D53-8E06-0B4EF26F4B65}.Debug|Win32.Build.0 = Debug|Win32
		{44EA013F-AD0F-4D53-8E06-0B4EF26F4B65}.Release|x64.ActiveCfg = Release|x64
		{44EA013F-AD0F-4D53-8E06-0B4EF26F4B65}.Release|x64.Build.0 = Release|x64
		{44EA013F-AD0F-4D53-8E06-0B4EF26F4B65}.Release|Win32.ActiveCfg = Release|Win32
		{44EA013F-AD0F-4D53-8E06-0B4EF26F4B65}.Release|Win32.Build.0 = Release|Win32
		{FF0C1545-CB8D-4AAD-9962-0AADAC37C456}.Debug|x64.ActiveCfg = Debug|x64
		{FF0C1545-CB8D-4AAD-9962-0AADAC37C456}.Debug|x64.Build.0 = Debug|x64
		{FF0C1545-CB8D-4AAD-9962-0AADAC37C456}.Debug|Win32.ActiveCfg = Debug|Win32
		{FF0C1545-CB8D-4AAD-9962-0AADAC37C456}.Debug|Win32.Build.0 = Debug|Win32
		{FF0C1545-CB8D-4AAD-9962-0AADAC37C456}.Release|x64.ActiveCfg = Release|x64
		{FF0C1545-CB8D-4AAD-9962-0AADAC37C456}.Release|x64.Build.0 = Release|x64
		{FF0C1545-CB8D-4AAD-9962-0AADAC37C456}.Release|Win32.ActiveCfg = Release|Win32
		{FF0C1545-CB8D-4AAD-9962-0AADAC37C456}.Release|Win32.Build.0 = Release|Win32
		{46CF2D25-6A36-4189-B59C-E4815388E554}.Debug|x64.ActiveCfg = Debug|x64
		{46CF2D25-6A36-4189-B59C-E4815388E554}.Debug|x64.Build.0 = Debug|x64
		{46CF2D25-6A36-4189-B59C-E4815388E554}.Debug|Win32.ActiveCfg = Debug|Win32
		{46CF2D25-6A36-4189-B59C-E4815388E554}.Debug|Win32.Build.0 = Debug|Win32
		{46CF2D25-6A36-4189-B59C-E4815388E554}.Release|x64.ActiveCfg = Release|x64
		{46CF2D25-6A36-4189-B59C-E4815388E554}.Release|x64.Build.0 = Release|x64
		{46CF2D25-6A36-4189-B59C-E4815388E554}.Release|Win32.ActiveCfg = Release|Win32
		{46CF2D25-6A36-4189-B59C-E4815388E554}.Release|Win32.Build.0 = Release|Win32
	EndGlobalSection
	GlobalSection(SolutionProperties) = preSolution
		HideSolutionNode = FALSE
	EndGlobalSection
EndGlobal
