<?xml version="1.0" encoding="utf-8"?>
<Project ToolsVersion="4.0" xmlns="http://schemas.microsoft.com/developer/msbuild/2003">
  <ItemGroup>
    <Filter Include="Source Files">
      <UniqueIdentifier>{4FC737F1-C7A5-4376-A066-2A32D752A2FF}</UniqueIdentifier>
      <Extensions>cpp;c;cc;cxx;def;odl;idl;hpj;bat;asm;asmx</Extensions>
    </Filter>
    <Filter Include="Header Files">
      <UniqueIdentifier>{93995380-89BD-4b04-88EB-625FBE52EBFB}</UniqueIdentifier>
      <Extensions>h;hh;hpp;hxx;hm;inl;inc;xsd</Extensions>
    </Filter>
    <Filter Include="Resource Files">
      <UniqueIdentifier>{67DA6AB6-F800-4c08-8B7A-83BB121AAD01}</UniqueIdentifier>
      <Extensions>rc;ico;cur;bmp;dlg;rc2;rct;bin;rgs;gif;jpg;jpeg;jpe;resx;tiff;tif;png;wav;mfcribbon-ms</Extensions>
    </Filter>
    <Filter Include="getopt">
      <UniqueIdentifier>{afc0f4b8-71fb-42b7-9bad-8d26e166c367}</UniqueIdentifier>
    </Filter>
    <Filter Include="obfs">
      <UniqueIdentifier>{a16cfa70-3b2c-4305-9deb-bbd194275b80}</UniqueIdentifier>
    </Filter>
    <Filter Include="client">
      <UniqueIdentifier>{2dc57378-9a2f-45a4-b750-819da8f2d2f2}</UniqueIdentifier>
    </Filter>
  </ItemGroup>
  <ItemGroup>
    <ClCompile Include="..\..\src\encrypt.c">
      <Filter>Source Files</Filter>
    </ClCompile>
    <ClCompile Include="..\..\src\obfs\http_simple.c">
      <Filter>obfs</Filter>
    </ClCompile>
    <ClCompile Include="..\..\src\obfs\obfs.c">
      <Filter>obfs</Filter>
    </ClCompile>
    <ClCompile Include="..\..\src\obfs\obfsutil.c">
      <Filter>obfs</Filter>
    </ClCompile>
    <ClCompile Include="..\..\src\obfs\tls1.2_ticket.c">
      <Filter>obfs</Filter>
    </ClCompile>
    <ClCompile Include="..\..\src\obfs\verify.c">
      <Filter>obfs</Filter>
    </ClCompile>
    <ClCompile Include="..\..\src\obfs\auth.c">
      <Filter>obfs</Filter>
    </ClCompile>
    <ClCompile Include="..\..\src\obfs\auth_chain.c">
      <Filter>obfs</Filter>
    </ClCompile>
    <ClCompile Include="..\..\src\obfs\base64.c">
      <Filter>obfs</Filter>
    </ClCompile>
    <ClCompile Include="..\..\src\obfs\crc32.c">
      <Filter>obfs</Filter>
    </ClCompile>
    <ClCompile Include="..\..\src\cache.c">
      <Filter>Source Files</Filter>
    </ClCompile>
    <ClCompile Include="..\..\src\ssrutils.c">
      <Filter>Source Files</Filter>
    </ClCompile>
    <ClCompile Include="..\..\src\socks5.c">
      <Filter>Source Files</Filter>
    </ClCompile>
    <ClCompile Include="..\..\src\tls.c">
      <Filter>Source Files</Filter>
    </ClCompile>
    <ClCompile Include="..\..\src\win32.c">
      <Filter>Source Files</Filter>
    </ClCompile>
    <ClCompile Include="..\..\src\http.c">
      <Filter>Source Files</Filter>
    </ClCompile>
    <ClCompile Include="..\..\src\jconf.c">
      <Filter>Source Files</Filter>
    </ClCompile>
    <ClCompile Include="..\..\src\json.c">
      <Filter>Source Files</Filter>
    </ClCompile>
    <ClCompile Include="..\..\src\local.c">
      <Filter>Source Files</Filter>
    </ClCompile>
    <ClCompile Include="..\src\strncasecmp.c">
      <Filter>Source Files</Filter>
    </ClCompile>
    <ClCompile Include="..\..\src\ssrbuffer.c">
      <Filter>Source Files</Filter>
    </ClCompile>
    <ClCompile Include="..\..\src\ssr_cipher_names.c">
      <Filter>Source Files</Filter>
    </ClCompile>
    <ClCompile Include="..\src\getopt.c">
      <Filter>Source Files</Filter>
    </ClCompile>
    <ClCompile Include="..\src\getopt_long.c">
      <Filter>Source Files</Filter>
    </ClCompile>
    <ClCompile Include="..\..\src\obfs\cstl_lib.c">
      <Filter>obfs</Filter>
    </ClCompile>
    <ClCompile Include="..\..\src\ssr_executive.c">
      <Filter>Source Files</Filter>
    </ClCompile>
    <ClCompile Include="..\..\src\sockaddr_universal.c">
      <Filter>Source Files</Filter>
    </ClCompile>
  </ItemGroup>
  <ItemGroup>
    <ClInclude Include="..\..\src\encrypt.h">
      <Filter>Header Files</Filter>
    </ClInclude>
    <ClInclude Include="..\include\getopt.h">
      <Filter>getopt</Filter>
    </ClInclude>
    <ClInclude Include="..\include\getopt_long.h">
      <Filter>getopt</Filter>
    </ClInclude>
    <ClInclude Include="..\..\src\obfs\http_simple.h">
      <Filter>obfs</Filter>
    </ClInclude>
    <ClInclude Include="..\..\src\obfs\obfs.h">
      <Filter>obfs</Filter>
    </ClInclude>
    <ClInclude Include="..\..\src\obfs\obfsutil.h">
      <Filter>obfs</Filter>
    </ClInclude>
    <ClInclude Include="..\..\src\obfs\tls1.2_ticket.h">
      <Filter>obfs</Filter>
    </ClInclude>
    <ClInclude Include="..\..\src\obfs\verify.h">
      <Filter>obfs</Filter>
    </ClInclude>
    <ClInclude Include="..\..\src\obfs\auth.h">
      <Filter>obfs</Filter>
    </ClInclude>
    <ClInclude Include="..\..\src\obfs\auth_chain.h">
      <Filter>obfs</Filter>
    </ClInclude>
    <ClInclude Include="..\..\src\obfs\base64.h">
      <Filter>obfs</Filter>
    </ClInclude>
    <ClInclude Include="..\..\src\obfs\crc32.h">
      <Filter>obfs</Filter>
    </ClInclude>
    <ClInclude Include="..\..\src\cache.h">
      <Filter>Header Files</Filter>
    </ClInclude>
    <ClInclude Include="..\..\src\ssrutils.h">
      <Filter>Header Files</Filter>
    </ClInclude>
    <ClInclude Include="..\..\src\protocol.h">
      <Filter>Header Files</Filter>
    </ClInclude>
    <ClInclude Include="..\..\src\shadowsocks.h">
      <Filter>Header Files</Filter>
    </ClInclude>
    <ClInclude Include="..\..\src\socks5.h">
      <Filter>Header Files</Filter>
    </ClInclude>
    <ClInclude Include="..\..\src\tls.h">
      <Filter>Header Files</Filter>
    </ClInclude>
    <ClInclude Include="..\..\src\win32.h">
      <Filter>Header Files</Filter>
    </ClInclude>
    <ClInclude Include="..\..\src\common.h">
      <Filter>Header Files</Filter>
    </ClInclude>
    <ClInclude Include="..\..\src\http.h">
      <Filter>Header Files</Filter>
    </ClInclude>
    <ClInclude Include="..\..\src\jconf.h">
      <Filter>Header Files</Filter>
    </ClInclude>
    <ClInclude Include="..\..\src\json.h">
      <Filter>Header Files</Filter>
    </ClInclude>
    <ClInclude Include="..\..\src\local.h">
      <Filter>Header Files</Filter>
    </ClInclude>
    <ClInclude Include="..\..\src\ssrbuffer.h">
      <Filter>Header Files</Filter>
    </ClInclude>
    <ClInclude Include="..\..\src\ssr_cipher_names.h">
      <Filter>Header Files</Filter>
    </ClInclude>
    <ClInclude Include="..\..\src\obfs\cstl_lib.h">
      <Filter>obfs</Filter>
    </ClInclude>
    <ClInclude Include="..\..\src\ssr_executive.h">
      <Filter>Source Files</Filter>
    </ClInclude>
    <ClInclude Include="..\..\src\sockaddr_universal.h">
      <Filter>Header Files</Filter>
    </ClInclude>
  </ItemGroup>
</Project>