<?xml version="1.0" encoding="utf-8"?>
<Project ToolsVersion="4.0" xmlns="http://schemas.microsoft.com/developer/msbuild/2003">
  <ItemGroup>
    <Filter Include="Source Files">
      <UniqueIdentifier>{4FC737F1-C7A5-4376-A066-2A32D752A2FF}</UniqueIdentifier>
      <Extensions>cpp;c;cc;cxx;def;odl;idl;hpj;bat;asm;asmx</Extensions>
    </Filter>
    <Filter Include="Header Files">
      <UniqueIdentifier>{93995380-89BD-4b04-88EB-625FBE52EBFB}</UniqueIdentifier>
      <Extensions>h;hh;hpp;hxx;hm;inl;inc;xsd</Extensions>
    </Filter>
    <Filter Include="Resource Files">
      <UniqueIdentifier>{67DA6AB6-F800-4c08-8B7A-83BB121AAD01}</UniqueIdentifier>
      <Extensions>rc;ico;cur;bmp;dlg;rc2;rct;bin;rgs;gif;jpg;jpeg;jpe;resx;tiff;tif;png;wav;mfcribbon-ms</Extensions>
    </Filter>
    <Filter Include="cli">
      <UniqueIdentifier>{cc60a99a-e54f-458f-ad7e-eb6f28a7fe78}</UniqueIdentifier>
    </Filter>
    <Filter Include="core">
      <UniqueIdentifier>{c1eece87-f629-424c-8964-acb1f9348329}</UniqueIdentifier>
    </Filter>
    <Filter Include="ds">
      <UniqueIdentifier>{6111971a-1911-448c-a732-2e3513aca781}</UniqueIdentifier>
    </Filter>
    <Filter Include="include">
      <UniqueIdentifier>{4c6fc06e-a52a-4c62-831e-1d332c60ee96}</UniqueIdentifier>
    </Filter>
    <Filter Include="posix">
      <UniqueIdentifier>{76702fb2-2dcd-4a2e-8a5e-b1881de36512}</UniqueIdentifier>
    </Filter>
    <Filter Include="pthreads">
      <UniqueIdentifier>{482bdd82-3bc5-47ee-87c4-4d5a21ae4145}</UniqueIdentifier>
    </Filter>
  </ItemGroup>
  <ItemGroup>
    <ClCompile Include="..\..\libcork\cli\commands.c">
      <Filter>cli</Filter>
    </ClCompile>
    <ClCompile Include="..\..\libcork\core\allocator.c">
      <Filter>core</Filter>
    </ClCompile>
    <ClCompile Include="..\..\libcork\core\error.c">
      <Filter>core</Filter>
    </ClCompile>
    <ClCompile Include="..\..\libcork\core\gc.c">
      <Filter>core</Filter>
    </ClCompile>
    <ClCompile Include="..\..\libcork\core\hash.c">
      <Filter>core</Filter>
    </ClCompile>
    <ClCompile Include="..\..\libcork\core\ip-address.c">
      <Filter>core</Filter>
    </ClCompile>
    <ClCompile Include="..\..\libcork\core\mempool.c">
      <Filter>core</Filter>
    </ClCompile>
    <ClCompile Include="..\..\libcork\core\timestamp.c">
      <Filter>core</Filter>
    </ClCompile>
    <ClCompile Include="..\..\libcork\core\u128.c">
      <Filter>core</Filter>
    </ClCompile>
    <ClCompile Include="..\..\libcork\core\version.c">
      <Filter>core</Filter>
    </ClCompile>
    <ClCompile Include="..\..\libcork\ds\array.c">
      <Filter>ds</Filter>
    </ClCompile>
    <ClCompile Include="..\..\libcork\ds\bitset.c">
      <Filter>ds</Filter>
    </ClCompile>
    <ClCompile Include="..\..\libcork\ds\buffer.c">
      <Filter>ds</Filter>
    </ClCompile>
    <ClCompile Include="..\..\libcork\ds\dllist.c">
      <Filter>ds</Filter>
    </ClCompile>
    <ClCompile Include="..\..\libcork\ds\file-stream.c">
      <Filter>ds</Filter>
    </ClCompile>
    <ClCompile Include="..\..\libcork\ds\hash-table.c">
      <Filter>ds</Filter>
    </ClCompile>
    <ClCompile Include="..\..\libcork\ds\managed-buffer.c">
      <Filter>ds</Filter>
    </ClCompile>
    <ClCompile Include="..\..\libcork\ds\ring-buffer.c">
      <Filter>ds</Filter>
    </ClCompile>
    <ClCompile Include="..\..\libcork\ds\slice.c">
      <Filter>ds</Filter>
    </ClCompile>
    <ClCompile Include="..\..\libcork\posix\directory-walker.c">
      <Filter>posix</Filter>
    </ClCompile>
    <ClCompile Include="..\..\libcork\posix\env.c">
      <Filter>posix</Filter>
    </ClCompile>
    <ClCompile Include="..\..\libcork\posix\exec.c">
      <Filter>posix</Filter>
    </ClCompile>
    <ClCompile Include="..\..\libcork\posix\files.c">
      <Filter>posix</Filter>
    </ClCompile>
    <ClCompile Include="..\..\libcork\posix\process.c">
      <Filter>posix</Filter>
    </ClCompile>
    <ClCompile Include="..\..\libcork\posix\subprocess.c">
      <Filter>posix</Filter>
    </ClCompile>
    <ClCompile Include="..\..\libcork\pthreads\thread.c">
      <Filter>pthreads</Filter>
    </ClCompile>
  </ItemGroup>
  <ItemGroup>
    <ClInclude Include="..\..\libcork\include\libcork\cli\commands.h">
      <Filter>include</Filter>
    </ClInclude>
    <ClInclude Include="..\..\libcork\include\libcork\cli.h">
      <Filter>include</Filter>
    </ClInclude>
    <ClInclude Include="..\..\libcork\include\libcork\config\arch.h">
      <Filter>include</Filter>
    </ClInclude>
    <ClInclude Include="..\..\libcork\include\libcork\config\bsd.h">
      <Filter>include</Filter>
    </ClInclude>
    <ClInclude Include="..\..\libcork\include\libcork\config\config.h">
      <Filter>include</Filter>
    </ClInclude>
    <ClInclude Include="..\..\libcork\include\libcork\config\gcc.h">
      <Filter>include</Filter>
    </ClInclude>
    <ClInclude Include="..\..\libcork\include\libcork\config\linux.h">
      <Filter>include</Filter>
    </ClInclude>
    <ClInclude Include="..\..\libcork\include\libcork\config\macosx.h">
      <Filter>include</Filter>
    </ClInclude>
    <ClInclude Include="..\..\libcork\include\libcork\config\mingw32.h">
      <Filter>include</Filter>
    </ClInclude>
    <ClInclude Include="..\..\libcork\include\libcork\config\solaris.h">
      <Filter>include</Filter>
    </ClInclude>
    <ClInclude Include="..\..\libcork\include\libcork\config\version.h">
      <Filter>include</Filter>
    </ClInclude>
    <ClInclude Include="..\..\libcork\include\libcork\config.h">
      <Filter>include</Filter>
    </ClInclude>
    <ClInclude Include="..\..\libcork\include\libcork\core\allocator.h">
      <Filter>include</Filter>
    </ClInclude>
    <ClInclude Include="..\..\libcork\include\libcork\core\api.h">
      <Filter>include</Filter>
    </ClInclude>
    <ClInclude Include="..\..\libcork\include\libcork\core\attributes.h">
      <Filter>include</Filter>
    </ClInclude>
    <ClInclude Include="..\..\libcork\include\libcork\core\byte-order.h">
      <Filter>include</Filter>
    </ClInclude>
    <ClInclude Include="..\..\libcork\include\libcork\core\callbacks.h">
      <Filter>include</Filter>
    </ClInclude>
    <ClInclude Include="..\..\libcork\include\libcork\core\error.h">
      <Filter>include</Filter>
    </ClInclude>
    <ClInclude Include="..\..\libcork\include\libcork\core\gc.h">
      <Filter>include</Filter>
    </ClInclude>
    <ClInclude Include="..\..\libcork\include\libcork\core\hash.h">
      <Filter>include</Filter>
    </ClInclude>
    <ClInclude Include="..\..\libcork\include\libcork\core\id.h">
      <Filter>include</Filter>
    </ClInclude>
    <ClInclude Include="..\..\libcork\include\libcork\core\mempool.h">
      <Filter>include</Filter>
    </ClInclude>
    <ClInclude Include="..\..\libcork\include\libcork\core\net-addresses.h">
      <Filter>include</Filter>
    </ClInclude>
    <ClInclude Include="..\..\libcork\include\libcork\core\timestamp.h">
      <Filter>include</Filter>
    </ClInclude>
    <ClInclude Include="..\..\libcork\include\libcork\core\types.h">
      <Filter>include</Filter>
    </ClInclude>
    <ClInclude Include="..\..\libcork\include\libcork\core\u128.h">
      <Filter>include</Filter>
    </ClInclude>
    <ClInclude Include="..\..\libcork\include\libcork\core.h">
      <Filter>include</Filter>
    </ClInclude>
    <ClInclude Include="..\..\libcork\include\libcork\ds\array.h">
      <Filter>include</Filter>
    </ClInclude>
    <ClInclude Include="..\..\libcork\include\libcork\ds\bitset.h">
      <Filter>include</Filter>
    </ClInclude>
    <ClInclude Include="..\..\libcork\include\libcork\ds\buffer.h">
      <Filter>include</Filter>
    </ClInclude>
    <ClInclude Include="..\..\libcork\include\libcork\ds\dllist.h">
      <Filter>include</Filter>
    </ClInclude>
    <ClInclude Include="..\..\libcork\include\libcork\ds\hash-table.h">
      <Filter>include</Filter>
    </ClInclude>
    <ClInclude Include="..\..\libcork\include\libcork\ds\managed-buffer.h">
      <Filter>include</Filter>
    </ClInclude>
    <ClInclude Include="..\..\libcork\include\libcork\ds\ring-buffer.h">
      <Filter>include</Filter>
    </ClInclude>
    <ClInclude Include="..\..\libcork\include\libcork\ds\slice.h">
      <Filter>include</Filter>
    </ClInclude>
    <ClInclude Include="..\..\libcork\include\libcork\ds\stream.h">
      <Filter>include</Filter>
    </ClInclude>
    <ClInclude Include="..\..\libcork\include\libcork\ds.h">
      <Filter>include</Filter>
    </ClInclude>
    <ClInclude Include="..\..\libcork\include\libcork\helpers\errors.h">
      <Filter>include</Filter>
    </ClInclude>
    <ClInclude Include="..\..\libcork\include\libcork\helpers\gc.h">
      <Filter>include</Filter>
    </ClInclude>
    <ClInclude Include="..\..\libcork\include\libcork\helpers\posix.h">
      <Filter>include</Filter>
    </ClInclude>
    <ClInclude Include="..\..\libcork\include\libcork\os\files.h">
      <Filter>include</Filter>
    </ClInclude>
    <ClInclude Include="..\..\libcork\include\libcork\os\process.h">
      <Filter>include</Filter>
    </ClInclude>
    <ClInclude Include="..\..\libcork\include\libcork\os\subprocess.h">
      <Filter>include</Filter>
    </ClInclude>
    <ClInclude Include="..\..\libcork\include\libcork\os.h">
      <Filter>include</Filter>
    </ClInclude>
    <ClInclude Include="..\..\libcork\include\libcork\threads\atomics.h">
      <Filter>include</Filter>
    </ClInclude>
    <ClInclude Include="..\..\libcork\include\libcork\threads\basics.h">
      <Filter>include</Filter>
    </ClInclude>
    <ClInclude Include="..\..\libcork\include\libcork\threads.h">
      <Filter>include</Filter>
    </ClInclude>
  </ItemGroup>
</Project>