// !$*UTF8*$!
{
	archiveVersion = 1;
	classes = {
	};
	objectVersion = 48;
	objects = {

/* Begin PBXBuildFile section */
		3A27FF6B229974A200CFAD25 /* text_in_color.c in Sources */ = {isa = PBXBuildFile; fileRef = 3A27FF69229974A100CFAD25 /* text_in_color.c */; };
		3A27FF6C229974A200CFAD25 /* text_in_color.c in Sources */ = {isa = PBXBuildFile; fileRef = 3A27FF69229974A100CFAD25 /* text_in_color.c */; };
		3A27FF6D229974A200CFAD25 /* text_in_color.h in Headers */ = {isa = PBXBuildFile; fileRef = 3A27FF6A229974A200CFAD25 /* text_in_color.h */; };
		3A27FF6E229974A200CFAD25 /* text_in_color.h in Headers */ = {isa = PBXBuildFile; fileRef = 3A27FF6A229974A200CFAD25 /* text_in_color.h */; };
		3A27FF71229974FD00CFAD25 /* tls_cli.h in Headers */ = {isa = PBXBuildFile; fileRef = 3A27FF6F229974FD00CFAD25 /* tls_cli.h */; };
		3A27FF72229974FD00CFAD25 /* tls_cli.h in Headers */ = {isa = PBXBuildFile; fileRef = 3A27FF6F229974FD00CFAD25 /* tls_cli.h */; };
		3A27FF73229974FD00CFAD25 /* tls_cli.c in Sources */ = {isa = PBXBuildFile; fileRef = 3A27FF70229974FD00CFAD25 /* tls_cli.c */; };
		3A27FF74229974FD00CFAD25 /* tls_cli.c in Sources */ = {isa = PBXBuildFile; fileRef = 3A27FF70229974FD00CFAD25 /* tls_cli.c */; };
		3A300B11206FF45500ABE7C2 /* libsodium.framework in Frameworks */ = {isa = PBXBuildFile; fileRef = 3A300B02206FF41B00ABE7C2 /* libsodium.framework */; };
		3A300B12206FF45500ABE7C2 /* libuv.framework in Frameworks */ = {isa = PBXBuildFile; fileRef = 3A300B09206FF42E00ABE7C2 /* libuv.framework */; };
		3A300B13206FF45500ABE7C2 /* mbedtls.framework in Frameworks */ = {isa = PBXBuildFile; fileRef = 3A26B218206FB2EB0084360E /* mbedtls.framework */; };
		3A300B29206FF54000ABE7C2 /* obfs.c in Sources */ = {isa = PBXBuildFile; fileRef = 3A300B15206FF53E00ABE7C2 /* obfs.c */; };
		3A300B2A206FF54000ABE7C2 /* verify.h in Headers */ = {isa = PBXBuildFile; fileRef = 3A300B16206FF53F00ABE7C2 /* verify.h */; };
		3A300B2B206FF54000ABE7C2 /* http_simple.c in Sources */ = {isa = PBXBuildFile; fileRef = 3A300B17206FF53F00ABE7C2 /* http_simple.c */; };
		3A300B2C206FF54000ABE7C2 /* auth.h in Headers */ = {isa = PBXBuildFile; fileRef = 3A300B18206FF53F00ABE7C2 /* auth.h */; };
		3A300B2D206FF54000ABE7C2 /* cstl_lib.h in Headers */ = {isa = PBXBuildFile; fileRef = 3A300B19206FF53F00ABE7C2 /* cstl_lib.h */; };
		3A300B2E206FF54000ABE7C2 /* obfsutil.c in Sources */ = {isa = PBXBuildFile; fileRef = 3A300B1A206FF53F00ABE7C2 /* obfsutil.c */; };
		3A300B2F206FF54000ABE7C2 /* auth.c in Sources */ = {isa = PBXBuildFile; fileRef = 3A300B1B206FF53F00ABE7C2 /* auth.c */; };
		3A300B30206FF54000ABE7C2 /* obfsutil.h in Headers */ = {isa = PBXBuildFile; fileRef = 3A300B1C206FF53F00ABE7C2 /* obfsutil.h */; };
		3A300B31206FF54000ABE7C2 /* tls1.2_ticket.c in Sources */ = {isa = PBXBuildFile; fileRef = 3A300B1D206FF53F00ABE7C2 /* tls1.2_ticket.c */; };
		3A300B32206FF54000ABE7C2 /* crc32.c in Sources */ = {isa = PBXBuildFile; fileRef = 3A300B1E206FF53F00ABE7C2 /* crc32.c */; };
		3A300B33206FF54000ABE7C2 /* verify.c in Sources */ = {isa = PBXBuildFile; fileRef = 3A300B1F206FF53F00ABE7C2 /* verify.c */; };
		3A300B34206FF54000ABE7C2 /* base64.c in Sources */ = {isa = PBXBuildFile; fileRef = 3A300B20206FF53F00ABE7C2 /* base64.c */; };
		3A300B35206FF54000ABE7C2 /* http_simple.h in Headers */ = {isa = PBXBuildFile; fileRef = 3A300B21206FF53F00ABE7C2 /* http_simple.h */; };
		3A300B36206FF54000ABE7C2 /* auth_chain.c in Sources */ = {isa = PBXBuildFile; fileRef = 3A300B22206FF53F00ABE7C2 /* auth_chain.c */; };
		3A300B37206FF54000ABE7C2 /* tls1.2_ticket.h in Headers */ = {isa = PBXBuildFile; fileRef = 3A300B23206FF53F00ABE7C2 /* tls1.2_ticket.h */; };
		3A300B38206FF54000ABE7C2 /* obfs.h in Headers */ = {isa = PBXBuildFile; fileRef = 3A300B24206FF53F00ABE7C2 /* obfs.h */; };
		3A300B39206FF54000ABE7C2 /* auth_chain.h in Headers */ = {isa = PBXBuildFile; fileRef = 3A300B25206FF54000ABE7C2 /* auth_chain.h */; };
		3A300B3A206FF54000ABE7C2 /* crc32.h in Headers */ = {isa = PBXBuildFile; fileRef = 3A300B26206FF54000ABE7C2 /* crc32.h */; };
		3A300B3B206FF54000ABE7C2 /* cstl_lib.c in Sources */ = {isa = PBXBuildFile; fileRef = 3A300B27206FF54000ABE7C2 /* cstl_lib.c */; };
		3A300B3C206FF54000ABE7C2 /* base64.h in Headers */ = {isa = PBXBuildFile; fileRef = 3A300B28206FF54000ABE7C2 /* base64.h */; };
		3A300B45206FF58300ABE7C2 /* s5.h in Headers */ = {isa = PBXBuildFile; fileRef = 3A300B3E206FF58200ABE7C2 /* s5.h */; };
		3A300B47206FF58300ABE7C2 /* defs.h in Headers */ = {isa = PBXBuildFile; fileRef = 3A300B40206FF58200ABE7C2 /* defs.h */; };
		3A300B48206FF58300ABE7C2 /* client.c in Sources */ = {isa = PBXBuildFile; fileRef = 3A300B41206FF58200ABE7C2 /* client.c */; };
		3A300B49206FF58300ABE7C2 /* s5.c in Sources */ = {isa = PBXBuildFile; fileRef = 3A300B42206FF58200ABE7C2 /* s5.c */; };
		3A300B4B206FF58300ABE7C2 /* listener.c in Sources */ = {isa = PBXBuildFile; fileRef = 3A300B44206FF58300ABE7C2 /* listener.c */; };
		3A300B55206FF66500ABE7C2 /* dump_info.c in Sources */ = {isa = PBXBuildFile; fileRef = 3A300B4E206FF66400ABE7C2 /* dump_info.c */; };
		3A300B56206FF66500ABE7C2 /* encrypt.c in Sources */ = {isa = PBXBuildFile; fileRef = 3A300B4F206FF66500ABE7C2 /* encrypt.c */; };
		3A300B57206FF66500ABE7C2 /* common.h in Headers */ = {isa = PBXBuildFile; fileRef = 3A300B50206FF66500ABE7C2 /* common.h */; };
		3A300B58206FF66500ABE7C2 /* encrypt.h in Headers */ = {isa = PBXBuildFile; fileRef = 3A300B51206FF66500ABE7C2 /* encrypt.h */; };
		3A300B5A206FF66500ABE7C2 /* dump_info.h in Headers */ = {isa = PBXBuildFile; fileRef = 3A300B53206FF66500ABE7C2 /* dump_info.h */; settings = {ATTRIBUTES = (Public, ); }; };
		3A300B63206FF69D00ABE7C2 /* ssr_qr_code.c in Sources */ = {isa = PBXBuildFile; fileRef = 3A300B5B206FF69D00ABE7C2 /* ssr_qr_code.c */; };
		3A300B64206FF69D00ABE7C2 /* ssr_qr_code.h in Headers */ = {isa = PBXBuildFile; fileRef = 3A300B5C206FF69D00ABE7C2 /* ssr_qr_code.h */; settings = {ATTRIBUTES = (Public, ); }; };
		3A300B65206FF69D00ABE7C2 /* ssr_executive.c in Sources */ = {isa = PBXBuildFile; fileRef = 3A300B5D206FF69D00ABE7C2 /* ssr_executive.c */; };
		3A300B66206FF69D00ABE7C2 /* sockaddr_universal.c in Sources */ = {isa = PBXBuildFile; fileRef = 3A300B5E206FF69D00ABE7C2 /* sockaddr_universal.c */; };
		3A300B67206FF69D00ABE7C2 /* sockaddr_universal.h in Headers */ = {isa = PBXBuildFile; fileRef = 3A300B5F206FF69D00ABE7C2 /* sockaddr_universal.h */; settings = {ATTRIBUTES = (Public, ); }; };
		3A300B68206FF69D00ABE7C2 /* ssr_cipher_names.c in Sources */ = {isa = PBXBuildFile; fileRef = 3A300B60206FF69D00ABE7C2 /* ssr_cipher_names.c */; };
		3A300B69206FF69D00ABE7C2 /* ssr_cipher_names.h in Headers */ = {isa = PBXBuildFile; fileRef = 3A300B61206FF69D00ABE7C2 /* ssr_cipher_names.h */; settings = {ATTRIBUTES = (Public, ); }; };
		3A300B6A206FF69D00ABE7C2 /* ssr_executive.h in Headers */ = {isa = PBXBuildFile; fileRef = 3A300B62206FF69D00ABE7C2 /* ssr_executive.h */; settings = {ATTRIBUTES = (Public, ); }; };
		3A300B6D206FF77E00ABE7C2 /* ssrbuffer.h in Headers */ = {isa = PBXBuildFile; fileRef = 3A300B6B206FF77E00ABE7C2 /* ssrbuffer.h */; };
		3A300B6E206FF77E00ABE7C2 /* ssrbuffer.c in Sources */ = {isa = PBXBuildFile; fileRef = 3A300B6C206FF77E00ABE7C2 /* ssrbuffer.c */; };
		3A300B71206FF9A400ABE7C2 /* cache.h in Headers */ = {isa = PBXBuildFile; fileRef = 3A300B6F206FF9A300ABE7C2 /* cache.h */; };
		3A300B72206FF9A400ABE7C2 /* cache.c in Sources */ = {isa = PBXBuildFile; fileRef = 3A300B70206FF9A400ABE7C2 /* cache.c */; };
		3A300B75206FFA0A00ABE7C2 /* ssrutils.c in Sources */ = {isa = PBXBuildFile; fileRef = 3A300B73206FFA0900ABE7C2 /* ssrutils.c */; };
		3A300B76206FFA0A00ABE7C2 /* ssrutils.h in Headers */ = {isa = PBXBuildFile; fileRef = 3A300B74206FFA0A00ABE7C2 /* ssrutils.h */; };
		3A31839822F869EE00E7D266 /* http_parser.c in Sources */ = {isa = PBXBuildFile; fileRef = 3A31839422F869EE00E7D266 /* http_parser.c */; };
		3A31839922F869EE00E7D266 /* http_parser.c in Sources */ = {isa = PBXBuildFile; fileRef = 3A31839422F869EE00E7D266 /* http_parser.c */; };
		3A31839A22F869EE00E7D266 /* http_parser_wrapper.h in Headers */ = {isa = PBXBuildFile; fileRef = 3A31839522F869EE00E7D266 /* http_parser_wrapper.h */; };
		3A31839B22F869EE00E7D266 /* http_parser_wrapper.h in Headers */ = {isa = PBXBuildFile; fileRef = 3A31839522F869EE00E7D266 /* http_parser_wrapper.h */; };
		3A31839C22F869EE00E7D266 /* http_parser_wrapper.c in Sources */ = {isa = PBXBuildFile; fileRef = 3A31839622F869EE00E7D266 /* http_parser_wrapper.c */; };
		3A31839D22F869EE00E7D266 /* http_parser_wrapper.c in Sources */ = {isa = PBXBuildFile; fileRef = 3A31839622F869EE00E7D266 /* http_parser_wrapper.c */; };
		3A31839E22F869EE00E7D266 /* http_parser.h in Headers */ = {isa = PBXBuildFile; fileRef = 3A31839722F869EE00E7D266 /* http_parser.h */; };
		3A31839F22F869EE00E7D266 /* http_parser.h in Headers */ = {isa = PBXBuildFile; fileRef = 3A31839722F869EE00E7D266 /* http_parser.h */; };
		3A425B4C25346B0200EE3AC5 /* exe_file_path.h in Headers */ = {isa = PBXBuildFile; fileRef = 3A425B4925346B0200EE3AC5 /* exe_file_path.h */; settings = {ATTRIBUTES = (Public, ); }; };
		3A425B4D25346B0200EE3AC5 /* exe_file_path.h in Headers */ = {isa = PBXBuildFile; fileRef = 3A425B4925346B0200EE3AC5 /* exe_file_path.h */; settings = {ATTRIBUTES = (Public, ); }; };
		3A425B4E25346B0200EE3AC5 /* exe_file_path.c in Sources */ = {isa = PBXBuildFile; fileRef = 3A425B4A25346B0200EE3AC5 /* exe_file_path.c */; };
		3A425B4F25346B0200EE3AC5 /* exe_file_path.c in Sources */ = {isa = PBXBuildFile; fileRef = 3A425B4A25346B0200EE3AC5 /* exe_file_path.c */; };
		3A425B5025346B0200EE3AC5 /* ref_count_def.h in Headers */ = {isa = PBXBuildFile; fileRef = 3A425B4B25346B0200EE3AC5 /* ref_count_def.h */; };
		3A425B5125346B0200EE3AC5 /* ref_count_def.h in Headers */ = {isa = PBXBuildFile; fileRef = 3A425B4B25346B0200EE3AC5 /* ref_count_def.h */; };
		3A57A60C206F9D44002F1F2D /* ssrNative.h in Headers */ = {isa = PBXBuildFile; fileRef = 3A57A60A206F9D44002F1F2D /* ssrNative.h */; settings = {ATTRIBUTES = (Public, ); }; };
		3A6C0BFF2304108C00FFF1D9 /* bio.h in Headers */ = {isa = PBXBuildFile; fileRef = 3A6C0BFC2304108C00FFF1D9 /* bio.h */; };
		3A6C0C002304108C00FFF1D9 /* bio.h in Headers */ = {isa = PBXBuildFile; fileRef = 3A6C0BFC2304108C00FFF1D9 /* bio.h */; };
		3A6C0C012304108C00FFF1D9 /* uv-mbed.c in Sources */ = {isa = PBXBuildFile; fileRef = 3A6C0BFD2304108C00FFF1D9 /* uv-mbed.c */; };
		3A6C0C022304108C00FFF1D9 /* uv-mbed.c in Sources */ = {isa = PBXBuildFile; fileRef = 3A6C0BFD2304108C00FFF1D9 /* uv-mbed.c */; };
		3A6C0C032304108C00FFF1D9 /* bio.c in Sources */ = {isa = PBXBuildFile; fileRef = 3A6C0BFE2304108C00FFF1D9 /* bio.c */; };
		3A6C0C042304108C00FFF1D9 /* bio.c in Sources */ = {isa = PBXBuildFile; fileRef = 3A6C0BFE2304108C00FFF1D9 /* bio.c */; };
		3A6C0C062304109700FFF1D9 /* uv-mbed.h in Headers */ = {isa = PBXBuildFile; fileRef = 3A6C0C052304109700FFF1D9 /* uv-mbed.h */; };
		3A6C0C072304109700FFF1D9 /* uv-mbed.h in Headers */ = {isa = PBXBuildFile; fileRef = 3A6C0C052304109700FFF1D9 /* uv-mbed.h */; };
		3A7D2CB320771D6A00D5766F /* ssr_client_api.h in Headers */ = {isa = PBXBuildFile; fileRef = 3A7D2CB220771D6A00D5766F /* ssr_client_api.h */; settings = {ATTRIBUTES = (Public, ); }; };
		3A7D2CB420771D6A00D5766F /* ssr_client_api.h in Headers */ = {isa = PBXBuildFile; fileRef = 3A7D2CB220771D6A00D5766F /* ssr_client_api.h */; settings = {ATTRIBUTES = (Public, ); }; };
		3A929D162472ED250070E466 /* websocket_basic.c in Sources */ = {isa = PBXBuildFile; fileRef = 3A929D142472ED250070E466 /* websocket_basic.c */; };
		3A929D172472ED250070E466 /* websocket_basic.c in Sources */ = {isa = PBXBuildFile; fileRef = 3A929D142472ED250070E466 /* websocket_basic.c */; };
		3A929D182472ED250070E466 /* websocket_basic.h in Headers */ = {isa = PBXBuildFile; fileRef = 3A929D152472ED250070E466 /* websocket_basic.h */; };
		3A929D192472ED250070E466 /* websocket_basic.h in Headers */ = {isa = PBXBuildFile; fileRef = 3A929D152472ED250070E466 /* websocket_basic.h */; };
		3A95CBAF2070C88C00E507E3 /* ssrNative.h in Headers */ = {isa = PBXBuildFile; fileRef = 3A57A60A206F9D44002F1F2D /* ssrNative.h */; settings = {ATTRIBUTES = (Public, ); }; };
		3A95CBB02070C8D000E507E3 /* sockaddr_universal.h in Headers */ = {isa = PBXBuildFile; fileRef = 3A300B5F206FF69D00ABE7C2 /* sockaddr_universal.h */; settings = {ATTRIBUTES = (Public, ); }; };
		3A95CBB12070C8D000E507E3 /* ssr_cipher_names.h in Headers */ = {isa = PBXBuildFile; fileRef = 3A300B61206FF69D00ABE7C2 /* ssr_cipher_names.h */; settings = {ATTRIBUTES = (Public, ); }; };
		3A95CBB22070C8D000E507E3 /* ssr_executive.h in Headers */ = {isa = PBXBuildFile; fileRef = 3A300B62206FF69D00ABE7C2 /* ssr_executive.h */; settings = {ATTRIBUTES = (Public, ); }; };
		3A95CBB32070C8D000E507E3 /* ssr_qr_code.h in Headers */ = {isa = PBXBuildFile; fileRef = 3A300B5C206FF69D00ABE7C2 /* ssr_qr_code.h */; settings = {ATTRIBUTES = (Public, ); }; };
		3A95CBB42070C8FD00E507E3 /* ssrutils.h in Headers */ = {isa = PBXBuildFile; fileRef = 3A300B74206FFA0A00ABE7C2 /* ssrutils.h */; };
		3A95CBB52070C8FD00E507E3 /* cache.h in Headers */ = {isa = PBXBuildFile; fileRef = 3A300B6F206FF9A300ABE7C2 /* cache.h */; };
		3A95CBB62070C8FD00E507E3 /* ssrbuffer.h in Headers */ = {isa = PBXBuildFile; fileRef = 3A300B6B206FF77E00ABE7C2 /* ssrbuffer.h */; };
		3A95CBB72070C8FD00E507E3 /* common.h in Headers */ = {isa = PBXBuildFile; fileRef = 3A300B50206FF66500ABE7C2 /* common.h */; };
		3A95CBB82070C8FD00E507E3 /* dump_info.h in Headers */ = {isa = PBXBuildFile; fileRef = 3A300B53206FF66500ABE7C2 /* dump_info.h */; settings = {ATTRIBUTES = (Public, ); }; };
		3A95CBB92070C8FD00E507E3 /* encrypt.h in Headers */ = {isa = PBXBuildFile; fileRef = 3A300B51206FF66500ABE7C2 /* encrypt.h */; };
		3A95CBBA2070C90C00E507E3 /* ssrutils.c in Sources */ = {isa = PBXBuildFile; fileRef = 3A300B73206FFA0900ABE7C2 /* ssrutils.c */; };
		3A95CBBB2070C90C00E507E3 /* cache.c in Sources */ = {isa = PBXBuildFile; fileRef = 3A300B70206FF9A400ABE7C2 /* cache.c */; };
		3A95CBBC2070C90C00E507E3 /* ssrbuffer.c in Sources */ = {isa = PBXBuildFile; fileRef = 3A300B6C206FF77E00ABE7C2 /* ssrbuffer.c */; };
		3A95CBBD2070C90C00E507E3 /* sockaddr_universal.c in Sources */ = {isa = PBXBuildFile; fileRef = 3A300B5E206FF69D00ABE7C2 /* sockaddr_universal.c */; };
		3A95CBBE2070C90C00E507E3 /* ssr_cipher_names.c in Sources */ = {isa = PBXBuildFile; fileRef = 3A300B60206FF69D00ABE7C2 /* ssr_cipher_names.c */; };
		3A95CBBF2070C90C00E507E3 /* ssr_executive.c in Sources */ = {isa = PBXBuildFile; fileRef = 3A300B5D206FF69D00ABE7C2 /* ssr_executive.c */; };
		3A95CBC02070C90C00E507E3 /* ssr_qr_code.c in Sources */ = {isa = PBXBuildFile; fileRef = 3A300B5B206FF69D00ABE7C2 /* ssr_qr_code.c */; };
		3A95CBC12070C90C00E507E3 /* dump_info.c in Sources */ = {isa = PBXBuildFile; fileRef = 3A300B4E206FF66400ABE7C2 /* dump_info.c */; };
		3A95CBC22070C90C00E507E3 /* encrypt.c in Sources */ = {isa = PBXBuildFile; fileRef = 3A300B4F206FF66500ABE7C2 /* encrypt.c */; };
		3A95CBC32070C92200E507E3 /* auth_chain.c in Sources */ = {isa = PBXBuildFile; fileRef = 3A300B22206FF53F00ABE7C2 /* auth_chain.c */; };
		3A95CBC42070C92200E507E3 /* auth_chain.h in Headers */ = {isa = PBXBuildFile; fileRef = 3A300B25206FF54000ABE7C2 /* auth_chain.h */; };
		3A95CBC52070C92200E507E3 /* auth.c in Sources */ = {isa = PBXBuildFile; fileRef = 3A300B1B206FF53F00ABE7C2 /* auth.c */; };
		3A95CBC62070C92200E507E3 /* auth.h in Headers */ = {isa = PBXBuildFile; fileRef = 3A300B18206FF53F00ABE7C2 /* auth.h */; };
		3A95CBC72070C92200E507E3 /* base64.c in Sources */ = {isa = PBXBuildFile; fileRef = 3A300B20206FF53F00ABE7C2 /* base64.c */; };
		3A95CBC82070C92200E507E3 /* base64.h in Headers */ = {isa = PBXBuildFile; fileRef = 3A300B28206FF54000ABE7C2 /* base64.h */; };
		3A95CBC92070C92200E507E3 /* crc32.c in Sources */ = {isa = PBXBuildFile; fileRef = 3A300B1E206FF53F00ABE7C2 /* crc32.c */; };
		3A95CBCA2070C92200E507E3 /* crc32.h in Headers */ = {isa = PBXBuildFile; fileRef = 3A300B26206FF54000ABE7C2 /* crc32.h */; };
		3A95CBCB2070C92200E507E3 /* cstl_lib.c in Sources */ = {isa = PBXBuildFile; fileRef = 3A300B27206FF54000ABE7C2 /* cstl_lib.c */; };
		3A95CBCC2070C92200E507E3 /* cstl_lib.h in Headers */ = {isa = PBXBuildFile; fileRef = 3A300B19206FF53F00ABE7C2 /* cstl_lib.h */; };
		3A95CBCD2070C92200E507E3 /* http_simple.c in Sources */ = {isa = PBXBuildFile; fileRef = 3A300B17206FF53F00ABE7C2 /* http_simple.c */; };
		3A95CBCE2070C92200E507E3 /* http_simple.h in Headers */ = {isa = PBXBuildFile; fileRef = 3A300B21206FF53F00ABE7C2 /* http_simple.h */; };
		3A95CBCF2070C92200E507E3 /* obfs.c in Sources */ = {isa = PBXBuildFile; fileRef = 3A300B15206FF53E00ABE7C2 /* obfs.c */; };
		3A95CBD02070C92200E507E3 /* obfs.h in Headers */ = {isa = PBXBuildFile; fileRef = 3A300B24206FF53F00ABE7C2 /* obfs.h */; };
		3A95CBD12070C92200E507E3 /* obfsutil.c in Sources */ = {isa = PBXBuildFile; fileRef = 3A300B1A206FF53F00ABE7C2 /* obfsutil.c */; };
		3A95CBD22070C92200E507E3 /* obfsutil.h in Headers */ = {isa = PBXBuildFile; fileRef = 3A300B1C206FF53F00ABE7C2 /* obfsutil.h */; };
		3A95CBD32070C92200E507E3 /* tls1.2_ticket.c in Sources */ = {isa = PBXBuildFile; fileRef = 3A300B1D206FF53F00ABE7C2 /* tls1.2_ticket.c */; };
		3A95CBD42070C92200E507E3 /* tls1.2_ticket.h in Headers */ = {isa = PBXBuildFile; fileRef = 3A300B23206FF53F00ABE7C2 /* tls1.2_ticket.h */; };
		3A95CBD52070C92200E507E3 /* verify.c in Sources */ = {isa = PBXBuildFile; fileRef = 3A300B1F206FF53F00ABE7C2 /* verify.c */; };
		3A95CBD62070C92200E507E3 /* verify.h in Headers */ = {isa = PBXBuildFile; fileRef = 3A300B16206FF53F00ABE7C2 /* verify.h */; };
		3A95CBD72070C92C00E507E3 /* client.c in Sources */ = {isa = PBXBuildFile; fileRef = 3A300B41206FF58200ABE7C2 /* client.c */; };
		3A95CBD82070C92C00E507E3 /* defs.h in Headers */ = {isa = PBXBuildFile; fileRef = 3A300B40206FF58200ABE7C2 /* defs.h */; };
		3A95CBD92070C92D00E507E3 /* listener.c in Sources */ = {isa = PBXBuildFile; fileRef = 3A300B44206FF58300ABE7C2 /* listener.c */; };
		3A95CBDA2070C92D00E507E3 /* s5.c in Sources */ = {isa = PBXBuildFile; fileRef = 3A300B42206FF58200ABE7C2 /* s5.c */; };
		3A95CBDB2070C92D00E507E3 /* s5.h in Headers */ = {isa = PBXBuildFile; fileRef = 3A300B3E206FF58200ABE7C2 /* s5.h */; };
		3A95CBE42070CA2B00E507E3 /* libsodium.framework in Frameworks */ = {isa = PBXBuildFile; fileRef = 3A95CB952070C6DC00E507E3 /* libsodium.framework */; };
		3A95CBE52070CA2B00E507E3 /* libuv.framework in Frameworks */ = {isa = PBXBuildFile; fileRef = 3A95CB982070C6DC00E507E3 /* libuv.framework */; };
		3A95CBE62070CA2B00E507E3 /* mbedtls.framework in Frameworks */ = {isa = PBXBuildFile; fileRef = 3A95CB9B2070C6DC00E507E3 /* mbedtls.framework */; };
		3A95CC092070D26100E507E3 /* udprelay.c in Sources */ = {isa = PBXBuildFile; fileRef = 3A95CC072070D26000E507E3 /* udprelay.c */; };
		3A95CC0A2070D26100E507E3 /* udprelay.c in Sources */ = {isa = PBXBuildFile; fileRef = 3A95CC072070D26000E507E3 /* udprelay.c */; };
		3A95CC0B2070D26100E507E3 /* udprelay.h in Headers */ = {isa = PBXBuildFile; fileRef = 3A95CC082070D26000E507E3 /* udprelay.h */; };
		3A95CC0C2070D26100E507E3 /* udprelay.h in Headers */ = {isa = PBXBuildFile; fileRef = 3A95CC082070D26000E507E3 /* udprelay.h */; };
		3A96C74C2590817100CE40A7 /* ssr_extern_def.h in Headers */ = {isa = PBXBuildFile; fileRef = 3A96C74B2590817100CE40A7 /* ssr_extern_def.h */; settings = {ATTRIBUTES = (Public, ); }; };
		3A96C74D2590817100CE40A7 /* ssr_extern_def.h in Headers */ = {isa = PBXBuildFile; fileRef = 3A96C74B2590817100CE40A7 /* ssr_extern_def.h */; settings = {ATTRIBUTES = (Public, ); }; };
		3A96C7502590825000CE40A7 /* strtrim.c in Sources */ = {isa = PBXBuildFile; fileRef = 3A96C74E2590825000CE40A7 /* strtrim.c */; };
		3A96C7512590825000CE40A7 /* strtrim.c in Sources */ = {isa = PBXBuildFile; fileRef = 3A96C74E2590825000CE40A7 /* strtrim.c */; };
		3A96C7522590825000CE40A7 /* strtrim.h in Headers */ = {isa = PBXBuildFile; fileRef = 3A96C74F2590825000CE40A7 /* strtrim.h */; };
		3A96C7532590825000CE40A7 /* strtrim.h in Headers */ = {isa = PBXBuildFile; fileRef = 3A96C74F2590825000CE40A7 /* strtrim.h */; };
		3A9CCE3620CE318200D9E0DC /* tunnel.h in Headers */ = {isa = PBXBuildFile; fileRef = 3A9CCE3420CE318200D9E0DC /* tunnel.h */; };
		3A9CCE3720CE318200D9E0DC /* tunnel.h in Headers */ = {isa = PBXBuildFile; fileRef = 3A9CCE3420CE318200D9E0DC /* tunnel.h */; };
		3A9CCE3820CE318200D9E0DC /* tunnel.c in Sources */ = {isa = PBXBuildFile; fileRef = 3A9CCE3520CE318200D9E0DC /* tunnel.c */; };
		3A9CCE3920CE318200D9E0DC /* tunnel.c in Sources */ = {isa = PBXBuildFile; fileRef = 3A9CCE3520CE318200D9E0DC /* tunnel.c */; };
/* End PBXBuildFile section */

/* Begin PBXContainerItemProxy section */
		3A26B217206FB2EB0084360E /* PBXContainerItemProxy */ = {
			isa = PBXContainerItemProxy;
			containerPortal = 3A26B213206FB2EB0084360E /* mbedtls.xcodeproj */;
			proxyType = 2;
			remoteGlobalIDString = 3A597D9820314D1400710634;
			remoteInfo = mbedtls;
		};
		3A300B01206FF41B00ABE7C2 /* PBXContainerItemProxy */ = {
			isa = PBXContainerItemProxy;
			containerPortal = 3A300AFD206FF41B00ABE7C2 /* libsodium.xcodeproj */;
			proxyType = 2;
			remoteGlobalIDString = 3A3008B5206FED6500ABE7C2;
			remoteInfo = libsodium;
		};
		3A300B08206FF42E00ABE7C2 /* PBXContainerItemProxy */ = {
			isa = PBXContainerItemProxy;
			containerPortal = 3A300B04206FF42E00ABE7C2 /* libuv.xcodeproj */;
			proxyType = 2;
			remoteGlobalIDString = 3A300801206FDDBB00ABE7C2;
			remoteInfo = libuv;
		};
		3A300B0A206FF44500ABE7C2 /* PBXContainerItemProxy */ = {
			isa = PBXContainerItemProxy;
			containerPortal = 3A300B04206FF42E00ABE7C2 /* libuv.xcodeproj */;
			proxyType = 1;
			remoteGlobalIDString = 3A300800206FDDBB00ABE7C2;
			remoteInfo = libuv;
		};
		3A300B0C206FF44500ABE7C2 /* PBXContainerItemProxy */ = {
			isa = PBXContainerItemProxy;
			containerPortal = 3A300AFD206FF41B00ABE7C2 /* libsodium.xcodeproj */;
			proxyType = 1;
			remoteGlobalIDString = 3A3008B4206FED6500ABE7C2;
			remoteInfo = libsodium;
		};
		3A300B0E206FF44500ABE7C2 /* PBXContainerItemProxy */ = {
			isa = PBXContainerItemProxy;
			containerPortal = 3A26B213206FB2EB0084360E /* mbedtls.xcodeproj */;
			proxyType = 1;
			remoteGlobalIDString = 3A597D9720314D1400710634;
			remoteInfo = mbedtls;
		};
		3A95CB942070C6DC00E507E3 /* PBXContainerItemProxy */ = {
			isa = PBXContainerItemProxy;
			containerPortal = 3A300AFD206FF41B00ABE7C2 /* libsodium.xcodeproj */;
			proxyType = 2;
			remoteGlobalIDString = 3AE1E1562070BF2E00B52995;
			remoteInfo = "libsodium macOS";
		};
		3A95CB972070C6DC00E507E3 /* PBXContainerItemProxy */ = {
			isa = PBXContainerItemProxy;
			containerPortal = 3A300B04206FF42E00ABE7C2 /* libuv.xcodeproj */;
			proxyType = 2;
			remoteGlobalIDString = 3AE1E0722070ADF300B52995;
			remoteInfo = "libuv macOS";
		};
		3A95CB9A2070C6DC00E507E3 /* PBXContainerItemProxy */ = {
			isa = PBXContainerItemProxy;
			containerPortal = 3A26B213206FB2EB0084360E /* mbedtls.xcodeproj */;
			proxyType = 2;
			remoteGlobalIDString = 3AE1E0B82070B46200B52995;
			remoteInfo = "mbedtls macOS";
		};
		3A95CBE72070CA3900E507E3 /* PBXContainerItemProxy */ = {
			isa = PBXContainerItemProxy;
			containerPortal = 3A300B04206FF42E00ABE7C2 /* libuv.xcodeproj */;
			proxyType = 1;
			remoteGlobalIDString = 3AE1E0712070ADF300B52995;
			remoteInfo = "libuv macOS";
		};
		3A95CBE92070CA3900E507E3 /* PBXContainerItemProxy */ = {
			isa = PBXContainerItemProxy;
			containerPortal = 3A300AFD206FF41B00ABE7C2 /* libsodium.xcodeproj */;
			proxyType = 1;
			remoteGlobalIDString = 3AE1E1552070BF2E00B52995;
			remoteInfo = "libsodium macOS";
		};
		3A95CBEB2070CA3900E507E3 /* PBXContainerItemProxy */ = {
			isa = PBXContainerItemProxy;
			containerPortal = 3A26B213206FB2EB0084360E /* mbedtls.xcodeproj */;
			proxyType = 1;
			remoteGlobalIDString = 3AE1E0B72070B46200B52995;
			remoteInfo = "mbedtls macOS";
		};
/* End PBXContainerItemProxy section */

/* Begin PBXFileReference section */
		3A26B213206FB2EB0084360E /* mbedtls.xcodeproj */ = {isa = PBXFileReference; lastKnownFileType = "wrapper.pb-project"; name = mbedtls.xcodeproj; path = ../depends/mbedtls/ios/mbedtls.xcodeproj; sourceTree = "<group>"; };
		3A27FF69229974A100CFAD25 /* text_in_color.c */ = {isa = PBXFileReference; fileEncoding = 4; lastKnownFileType = sourcecode.c.c; name = text_in_color.c; path = ../src/text_in_color.c; sourceTree = "<group>"; };
		3A27FF6A229974A200CFAD25 /* text_in_color.h */ = {isa = PBXFileReference; fileEncoding = 4; lastKnownFileType = sourcecode.c.h; name = text_in_color.h; path = ../src/text_in_color.h; sourceTree = "<group>"; };
		3A27FF6F229974FD00CFAD25 /* tls_cli.h */ = {isa = PBXFileReference; fileEncoding = 4; lastKnownFileType = sourcecode.c.h; name = tls_cli.h; path = ../src/client/tls_cli.h; sourceTree = "<group>"; };
		3A27FF70229974FD00CFAD25 /* tls_cli.c */ = {isa = PBXFileReference; fileEncoding = 4; lastKnownFileType = sourcecode.c.c; name = tls_cli.c; path = ../src/client/tls_cli.c; sourceTree = "<group>"; };
		3A27FF91229979F200CFAD25 /* dump_info.c */ = {isa = PBXFileReference; fileEncoding = 4; lastKnownFileType = sourcecode.c.c; name = dump_info.c; path = ../src/dump_info.c; sourceTree = "<group>"; };
		3A27FF92229979F300CFAD25 /* dump_info.h */ = {isa = PBXFileReference; fileEncoding = 4; lastKnownFileType = sourcecode.c.h; name = dump_info.h; path = ../src/dump_info.h; sourceTree = "<group>"; };
		3A300AFD206FF41B00ABE7C2 /* libsodium.xcodeproj */ = {isa = PBXFileReference; lastKnownFileType = "wrapper.pb-project"; name = libsodium.xcodeproj; path = ../depends/libsodium/ios/libsodium.xcodeproj; sourceTree = "<group>"; };
		3A300B04206FF42E00ABE7C2 /* libuv.xcodeproj */ = {isa = PBXFileReference; lastKnownFileType = "wrapper.pb-project"; name = libuv.xcodeproj; path = ../depends/libuv/ios/libuv.xcodeproj; sourceTree = "<group>"; };
		3A300B15206FF53E00ABE7C2 /* obfs.c */ = {isa = PBXFileReference; fileEncoding = 4; lastKnownFileType = sourcecode.c.c; name = obfs.c; path = ../src/obfs/obfs.c; sourceTree = "<group>"; };
		3A300B16206FF53F00ABE7C2 /* verify.h */ = {isa = PBXFileReference; fileEncoding = 4; lastKnownFileType = sourcecode.c.h; name = verify.h; path = ../src/obfs/verify.h; sourceTree = "<group>"; };
		3A300B17206FF53F00ABE7C2 /* http_simple.c */ = {isa = PBXFileReference; fileEncoding = 4; lastKnownFileType = sourcecode.c.c; name = http_simple.c; path = ../src/obfs/http_simple.c; sourceTree = "<group>"; };
		3A300B18206FF53F00ABE7C2 /* auth.h */ = {isa = PBXFileReference; fileEncoding = 4; lastKnownFileType = sourcecode.c.h; name = auth.h; path = ../src/obfs/auth.h; sourceTree = "<group>"; };
		3A300B19206FF53F00ABE7C2 /* cstl_lib.h */ = {isa = PBXFileReference; fileEncoding = 4; lastKnownFileType = sourcecode.c.h; name = cstl_lib.h; path = ../src/obfs/cstl_lib.h; sourceTree = "<group>"; };
		3A300B1A206FF53F00ABE7C2 /* obfsutil.c */ = {isa = PBXFileReference; fileEncoding = 4; lastKnownFileType = sourcecode.c.c; name = obfsutil.c; path = ../src/obfs/obfsutil.c; sourceTree = "<group>"; };
		3A300B1B206FF53F00ABE7C2 /* auth.c */ = {isa = PBXFileReference; fileEncoding = 4; lastKnownFileType = sourcecode.c.c; name = auth.c; path = ../src/obfs/auth.c; sourceTree = "<group>"; };
		3A300B1C206FF53F00ABE7C2 /* obfsutil.h */ = {isa = PBXFileReference; fileEncoding = 4; lastKnownFileType = sourcecode.c.h; name = obfsutil.h; path = ../src/obfs/obfsutil.h; sourceTree = "<group>"; };
		3A300B1D206FF53F00ABE7C2 /* tls1.2_ticket.c */ = {isa = PBXFileReference; fileEncoding = 4; lastKnownFileType = sourcecode.c.c; name = tls1.2_ticket.c; path = ../src/obfs/tls1.2_ticket.c; sourceTree = "<group>"; };
		3A300B1E206FF53F00ABE7C2 /* crc32.c */ = {isa = PBXFileReference; fileEncoding = 4; lastKnownFileType = sourcecode.c.c; name = crc32.c; path = ../src/obfs/crc32.c; sourceTree = "<group>"; };
		3A300B1F206FF53F00ABE7C2 /* verify.c */ = {isa = PBXFileReference; fileEncoding = 4; lastKnownFileType = sourcecode.c.c; name = verify.c; path = ../src/obfs/verify.c; sourceTree = "<group>"; };
		3A300B20206FF53F00ABE7C2 /* base64.c */ = {isa = PBXFileReference; fileEncoding = 4; lastKnownFileType = sourcecode.c.c; name = base64.c; path = ../src/obfs/base64.c; sourceTree = "<group>"; };
		3A300B21206FF53F00ABE7C2 /* http_simple.h */ = {isa = PBXFileReference; fileEncoding = 4; lastKnownFileType = sourcecode.c.h; name = http_simple.h; path = ../src/obfs/http_simple.h; sourceTree = "<group>"; };
		3A300B22206FF53F00ABE7C2 /* auth_chain.c */ = {isa = PBXFileReference; fileEncoding = 4; lastKnownFileType = sourcecode.c.c; name = auth_chain.c; path = ../src/obfs/auth_chain.c; sourceTree = "<group>"; };
		3A300B23206FF53F00ABE7C2 /* tls1.2_ticket.h */ = {isa = PBXFileReference; fileEncoding = 4; lastKnownFileType = sourcecode.c.h; name = tls1.2_ticket.h; path = ../src/obfs/tls1.2_ticket.h; sourceTree = "<group>"; };
		3A300B24206FF53F00ABE7C2 /* obfs.h */ = {isa = PBXFileReference; fileEncoding = 4; lastKnownFileType = sourcecode.c.h; name = obfs.h; path = ../src/obfs/obfs.h; sourceTree = "<group>"; };
		3A300B25206FF54000ABE7C2 /* auth_chain.h */ = {isa = PBXFileReference; fileEncoding = 4; lastKnownFileType = sourcecode.c.h; name = auth_chain.h; path = ../src/obfs/auth_chain.h; sourceTree = "<group>"; };
		3A300B26206FF54000ABE7C2 /* crc32.h */ = {isa = PBXFileReference; fileEncoding = 4; lastKnownFileType = sourcecode.c.h; name = crc32.h; path = ../src/obfs/crc32.h; sourceTree = "<group>"; };
		3A300B27206FF54000ABE7C2 /* cstl_lib.c */ = {isa = PBXFileReference; fileEncoding = 4; lastKnownFileType = sourcecode.c.c; name = cstl_lib.c; path = ../src/obfs/cstl_lib.c; sourceTree = "<group>"; };
		3A300B28206FF54000ABE7C2 /* base64.h */ = {isa = PBXFileReference; fileEncoding = 4; lastKnownFileType = sourcecode.c.h; name = base64.h; path = ../src/obfs/base64.h; sourceTree = "<group>"; };
		3A300B3E206FF58200ABE7C2 /* s5.h */ = {isa = PBXFileReference; fileEncoding = 4; lastKnownFileType = sourcecode.c.h; name = s5.h; path = ../src/client/s5.h; sourceTree = "<group>"; };
		3A300B40206FF58200ABE7C2 /* defs.h */ = {isa = PBXFileReference; fileEncoding = 4; lastKnownFileType = sourcecode.c.h; name = defs.h; path = ../src/client/defs.h; sourceTree = "<group>"; };
		3A300B41206FF58200ABE7C2 /* client.c */ = {isa = PBXFileReference; fileEncoding = 4; lastKnownFileType = sourcecode.c.c; name = client.c; path = ../src/client/client.c; sourceTree = "<group>"; };
		3A300B42206FF58200ABE7C2 /* s5.c */ = {isa = PBXFileReference; fileEncoding = 4; lastKnownFileType = sourcecode.c.c; name = s5.c; path = ../src/client/s5.c; sourceTree = "<group>"; };
		3A300B44206FF58300ABE7C2 /* listener.c */ = {isa = PBXFileReference; fileEncoding = 4; lastKnownFileType = sourcecode.c.c; name = listener.c; path = ../src/client/listener.c; sourceTree = "<group>"; };
		3A300B4E206FF66400ABE7C2 /* dump_info.c */ = {isa = PBXFileReference; fileEncoding = 4; lastKnownFileType = sourcecode.c.c; name = dump_info.c; path = ../src/dump_info.c; sourceTree = "<group>"; };
		3A300B4F206FF66500ABE7C2 /* encrypt.c */ = {isa = PBXFileReference; fileEncoding = 4; lastKnownFileType = sourcecode.c.c; name = encrypt.c; path = ../src/encrypt.c; sourceTree = "<group>"; };
		3A300B50206FF66500ABE7C2 /* common.h */ = {isa = PBXFileReference; fileEncoding = 4; lastKnownFileType = sourcecode.c.h; name = common.h; path = ../src/common.h; sourceTree = "<group>"; };
		3A300B51206FF66500ABE7C2 /* encrypt.h */ = {isa = PBXFileReference; fileEncoding = 4; lastKnownFileType = sourcecode.c.h; name = encrypt.h; path = ../src/encrypt.h; sourceTree = "<group>"; };
		3A300B53206FF66500ABE7C2 /* dump_info.h */ = {isa = PBXFileReference; fileEncoding = 4; lastKnownFileType = sourcecode.c.h; name = dump_info.h; path = ../src/dump_info.h; sourceTree = "<group>"; };
		3A300B5B206FF69D00ABE7C2 /* ssr_qr_code.c */ = {isa = PBXFileReference; fileEncoding = 4; lastKnownFileType = sourcecode.c.c; name = ssr_qr_code.c; path = ../src/ssr_qr_code.c; sourceTree = "<group>"; };
		3A300B5C206FF69D00ABE7C2 /* ssr_qr_code.h */ = {isa = PBXFileReference; fileEncoding = 4; lastKnownFileType = sourcecode.c.h; name = ssr_qr_code.h; path = ../src/ssr_qr_code.h; sourceTree = "<group>"; };
		3A300B5D206FF69D00ABE7C2 /* ssr_executive.c */ = {isa = PBXFileReference; fileEncoding = 4; lastKnownFileType = sourcecode.c.c; name = ssr_executive.c; path = ../src/ssr_executive.c; sourceTree = "<group>"; };
		3A300B5E206FF69D00ABE7C2 /* sockaddr_universal.c */ = {isa = PBXFileReference; fileEncoding = 4; lastKnownFileType = sourcecode.c.c; name = sockaddr_universal.c; path = ../src/sockaddr_universal.c; sourceTree = "<group>"; };
		3A300B5F206FF69D00ABE7C2 /* sockaddr_universal.h */ = {isa = PBXFileReference; fileEncoding = 4; lastKnownFileType = sourcecode.c.h; name = sockaddr_universal.h; path = ../src/sockaddr_universal.h; sourceTree = "<group>"; };
		3A300B60206FF69D00ABE7C2 /* ssr_cipher_names.c */ = {isa = PBXFileReference; fileEncoding = 4; lastKnownFileType = sourcecode.c.c; name = ssr_cipher_names.c; path = ../src/ssr_cipher_names.c; sourceTree = "<group>"; };
		3A300B61206FF69D00ABE7C2 /* ssr_cipher_names.h */ = {isa = PBXFileReference; fileEncoding = 4; lastKnownFileType = sourcecode.c.h; name = ssr_cipher_names.h; path = ../src/ssr_cipher_names.h; sourceTree = "<group>"; };
		3A300B62206FF69D00ABE7C2 /* ssr_executive.h */ = {isa = PBXFileReference; fileEncoding = 4; lastKnownFileType = sourcecode.c.h; name = ssr_executive.h; path = ../src/ssr_executive.h; sourceTree = "<group>"; };
		3A300B6B206FF77E00ABE7C2 /* ssrbuffer.h */ = {isa = PBXFileReference; fileEncoding = 4; lastKnownFileType = sourcecode.c.h; name = ssrbuffer.h; path = ../src/ssrbuffer.h; sourceTree = "<group>"; };
		3A300B6C206FF77E00ABE7C2 /* ssrbuffer.c */ = {isa = PBXFileReference; fileEncoding = 4; lastKnownFileType = sourcecode.c.c; name = ssrbuffer.c; path = ../src/ssrbuffer.c; sourceTree = "<group>"; };
		3A300B6F206FF9A300ABE7C2 /* cache.h */ = {isa = PBXFileReference; fileEncoding = 4; lastKnownFileType = sourcecode.c.h; name = cache.h; path = ../src/cache.h; sourceTree = "<group>"; };
		3A300B70206FF9A400ABE7C2 /* cache.c */ = {isa = PBXFileReference; fileEncoding = 4; lastKnownFileType = sourcecode.c.c; name = cache.c; path = ../src/cache.c; sourceTree = "<group>"; };
		3A300B73206FFA0900ABE7C2 /* ssrutils.c */ = {isa = PBXFileReference; fileEncoding = 4; lastKnownFileType = sourcecode.c.c; name = ssrutils.c; path = ../src/ssrutils.c; sourceTree = "<group>"; };
		3A300B74206FFA0A00ABE7C2 /* ssrutils.h */ = {isa = PBXFileReference; fileEncoding = 4; lastKnownFileType = sourcecode.c.h; name = ssrutils.h; path = ../src/ssrutils.h; sourceTree = "<group>"; };
		3A31839422F869EE00E7D266 /* http_parser.c */ = {isa = PBXFileReference; fileEncoding = 4; lastKnownFileType = sourcecode.c.c; name = http_parser.c; path = "../depends/http-parser/http_parser.c"; sourceTree = "<group>"; };
		3A31839522F869EE00E7D266 /* http_parser_wrapper.h */ = {isa = PBXFileReference; fileEncoding = 4; lastKnownFileType = sourcecode.c.h; name = http_parser_wrapper.h; path = "../depends/http-parser/http_parser_wrapper.h"; sourceTree = "<group>"; };
		3A31839622F869EE00E7D266 /* http_parser_wrapper.c */ = {isa = PBXFileReference; fileEncoding = 4; lastKnownFileType = sourcecode.c.c; name = http_parser_wrapper.c; path = "../depends/http-parser/http_parser_wrapper.c"; sourceTree = "<group>"; };
		3A31839722F869EE00E7D266 /* http_parser.h */ = {isa = PBXFileReference; fileEncoding = 4; lastKnownFileType = sourcecode.c.h; name = http_parser.h; path = "../depends/http-parser/http_parser.h"; sourceTree = "<group>"; };
		3A425B4925346B0200EE3AC5 /* exe_file_path.h */ = {isa = PBXFileReference; fileEncoding = 4; lastKnownFileType = sourcecode.c.h; name = exe_file_path.h; path = ../src/exe_file_path.h; sourceTree = "<group>"; };
		3A425B4A25346B0200EE3AC5 /* exe_file_path.c */ = {isa = PBXFileReference; fileEncoding = 4; lastKnownFileType = sourcecode.c.c; name = exe_file_path.c; path = ../src/exe_file_path.c; sourceTree = "<group>"; };
		3A425B4B25346B0200EE3AC5 /* ref_count_def.h */ = {isa = PBXFileReference; fileEncoding = 4; lastKnownFileType = sourcecode.c.h; name = ref_count_def.h; path = ../src/ref_count_def.h; sourceTree = "<group>"; };
		3A57A607206F9D44002F1F2D /* ssrNative.framework */ = {isa = PBXFileReference; explicitFileType = wrapper.framework; includeInIndex = 0; path = ssrNative.framework; sourceTree = BUILT_PRODUCTS_DIR; };
		3A57A60A206F9D44002F1F2D /* ssrNative.h */ = {isa = PBXFileReference; lastKnownFileType = sourcecode.c.h; path = ssrNative.h; sourceTree = "<group>"; };
		3A57A60B206F9D44002F1F2D /* Info.plist */ = {isa = PBXFileReference; lastKnownFileType = text.plist.xml; path = Info.plist; sourceTree = "<group>"; };
		3A6C0BFC2304108C00FFF1D9 /* bio.h */ = {isa = PBXFileReference; fileEncoding = 4; lastKnownFileType = sourcecode.c.h; name = bio.h; path = "../depends/uv-mbed/src/bio.h"; sourceTree = "<group>"; };
		3A6C0BFD2304108C00FFF1D9 /* uv-mbed.c */ = {isa = PBXFileReference; fileEncoding = 4; lastKnownFileType = sourcecode.c.c; name = "uv-mbed.c"; path = "../depends/uv-mbed/src/uv-mbed.c"; sourceTree = "<group>"; };
		3A6C0BFE2304108C00FFF1D9 /* bio.c */ = {isa = PBXFileReference; fileEncoding = 4; lastKnownFileType = sourcecode.c.c; name = bio.c; path = "../depends/uv-mbed/src/bio.c"; sourceTree = "<group>"; };
		3A6C0C052304109700FFF1D9 /* uv-mbed.h */ = {isa = PBXFileReference; fileEncoding = 4; lastKnownFileType = sourcecode.c.h; name = "uv-mbed.h"; path = "../depends/uv-mbed/include/uv-mbed/uv-mbed.h"; sourceTree = "<group>"; };
		3A7D2CB220771D6A00D5766F /* ssr_client_api.h */ = {isa = PBXFileReference; fileEncoding = 4; lastKnownFileType = sourcecode.c.h; name = ssr_client_api.h; path = ../src/client/ssr_client_api.h; sourceTree = "<group>"; };
		3A929D142472ED250070E466 /* websocket_basic.c */ = {isa = PBXFileReference; fileEncoding = 4; lastKnownFileType = sourcecode.c.c; name = websocket_basic.c; path = ../src/websocket_basic.c; sourceTree = "<group>"; };
		3A929D152472ED250070E466 /* websocket_basic.h */ = {isa = PBXFileReference; fileEncoding = 4; lastKnownFileType = sourcecode.c.h; name = websocket_basic.h; path = ../src/websocket_basic.h; sourceTree = "<group>"; };
		3A95CBA42070C7DA00E507E3 /* ssrNative.framework */ = {isa = PBXFileReference; explicitFileType = wrapper.framework; includeInIndex = 0; path = ssrNative.framework; sourceTree = BUILT_PRODUCTS_DIR; };
		3A95CC072070D26000E507E3 /* udprelay.c */ = {isa = PBXFileReference; fileEncoding = 4; lastKnownFileType = sourcecode.c.c; name = udprelay.c; path = ../src/udprelay.c; sourceTree = "<group>"; };
		3A95CC082070D26000E507E3 /* udprelay.h */ = {isa = PBXFileReference; fileEncoding = 4; lastKnownFileType = sourcecode.c.h; name = udprelay.h; path = ../src/udprelay.h; sourceTree = "<group>"; };
		3A96C74B2590817100CE40A7 /* ssr_extern_def.h */ = {isa = PBXFileReference; fileEncoding = 4; lastKnownFileType = sourcecode.c.h; name = ssr_extern_def.h; path = ../src/ssr_extern_def.h; sourceTree = "<group>"; };
		3A96C74E2590825000CE40A7 /* strtrim.c */ = {isa = PBXFileReference; fileEncoding = 4; lastKnownFileType = sourcecode.c.c; name = strtrim.c; path = ../src/strtrim.c; sourceTree = "<group>"; };
		3A96C74F2590825000CE40A7 /* strtrim.h */ = {isa = PBXFileReference; fileEncoding = 4; lastKnownFileType = sourcecode.c.h; name = strtrim.h; path = ../src/strtrim.h; sourceTree = "<group>"; };
		3A9CCE3420CE318200D9E0DC /* tunnel.h */ = {isa = PBXFileReference; fileEncoding = 4; lastKnownFileType = sourcecode.c.h; name = tunnel.h; path = ../src/tunnel.h; sourceTree = "<group>"; };
		3A9CCE3520CE318200D9E0DC /* tunnel.c */ = {isa = PBXFileReference; fileEncoding = 4; lastKnownFileType = sourcecode.c.c; name = tunnel.c; path = ../src/tunnel.c; sourceTree = "<group>"; };
/* End PBXFileReference section */

/* Begin PBXFrameworksBuildPhase section */
		3A57A603206F9D44002F1F2D /* Frameworks */ = {
			isa = PBXFrameworksBuildPhase;
			buildActionMask = 2147483647;
			files = (
				3A300B11206FF45500ABE7C2 /* libsodium.framework in Frameworks */,
				3A300B12206FF45500ABE7C2 /* libuv.framework in Frameworks */,
				3A300B13206FF45500ABE7C2 /* mbedtls.framework in Frameworks */,
			);
			runOnlyForDeploymentPostprocessing = 0;
		};
		3A95CBA02070C7DA00E507E3 /* Frameworks */ = {
			isa = PBXFrameworksBuildPhase;
			buildActionMask = 2147483647;
			files = (
				3A95CBE42070CA2B00E507E3 /* libsodium.framework in Frameworks */,
				3A95CBE52070CA2B00E507E3 /* libuv.framework in Frameworks */,
				3A95CBE62070CA2B00E507E3 /* mbedtls.framework in Frameworks */,
			);
			runOnlyForDeploymentPostprocessing = 0;
		};
/* End PBXFrameworksBuildPhase section */

/* Begin PBXGroup section */
		3A26B214206FB2EB0084360E /* Products */ = {
			isa = PBXGroup;
			children = (
				3A26B218206FB2EB0084360E /* mbedtls.framework */,
				3A95CB9B2070C6DC00E507E3 /* mbedtls.framework */,
			);
			name = Products;
			sourceTree = "<group>";
		};
		3A300AFE206FF41B00ABE7C2 /* Products */ = {
			isa = PBXGroup;
			children = (
				3A300B02206FF41B00ABE7C2 /* libsodium.framework */,
				3A95CB952070C6DC00E507E3 /* libsodium.framework */,
			);
			name = Products;
			sourceTree = "<group>";
		};
		3A300B05206FF42E00ABE7C2 /* Products */ = {
			isa = PBXGroup;
			children = (
				3A300B09206FF42E00ABE7C2 /* libuv.framework */,
				3A95CB982070C6DC00E507E3 /* libuv.framework */,
			);
			name = Products;
			sourceTree = "<group>";
		};
		3A300B10206FF45500ABE7C2 /* Frameworks */ = {
			isa = PBXGroup;
			children = (
			);
			name = Frameworks;
			sourceTree = "<group>";
		};
		3A300B14206FF50B00ABE7C2 /* obfs */ = {
			isa = PBXGroup;
			children = (
				3A300B22206FF53F00ABE7C2 /* auth_chain.c */,
				3A300B25206FF54000ABE7C2 /* auth_chain.h */,
				3A300B1B206FF53F00ABE7C2 /* auth.c */,
				3A300B18206FF53F00ABE7C2 /* auth.h */,
				3A300B20206FF53F00ABE7C2 /* base64.c */,
				3A300B28206FF54000ABE7C2 /* base64.h */,
				3A300B1E206FF53F00ABE7C2 /* crc32.c */,
				3A300B26206FF54000ABE7C2 /* crc32.h */,
				3A300B27206FF54000ABE7C2 /* cstl_lib.c */,
				3A300B19206FF53F00ABE7C2 /* cstl_lib.h */,
				3A300B17206FF53F00ABE7C2 /* http_simple.c */,
				3A300B21206FF53F00ABE7C2 /* http_simple.h */,
				3A300B15206FF53E00ABE7C2 /* obfs.c */,
				3A300B24206FF53F00ABE7C2 /* obfs.h */,
				3A300B1A206FF53F00ABE7C2 /* obfsutil.c */,
				3A300B1C206FF53F00ABE7C2 /* obfsutil.h */,
				3A300B1D206FF53F00ABE7C2 /* tls1.2_ticket.c */,
				3A300B23206FF53F00ABE7C2 /* tls1.2_ticket.h */,
				3A300B1F206FF53F00ABE7C2 /* verify.c */,
				3A300B16206FF53F00ABE7C2 /* verify.h */,
			);
			name = obfs;
			sourceTree = "<group>";
		};
		3A300B3D206FF55B00ABE7C2 /* client */ = {
			isa = PBXGroup;
			children = (
				3A7D2CB220771D6A00D5766F /* ssr_client_api.h */,
				3A300B41206FF58200ABE7C2 /* client.c */,
				3A300B40206FF58200ABE7C2 /* defs.h */,
				3A300B44206FF58300ABE7C2 /* listener.c */,
				3A300B42206FF58200ABE7C2 /* s5.c */,
				3A300B3E206FF58200ABE7C2 /* s5.h */,
				3A27FF70229974FD00CFAD25 /* tls_cli.c */,
				3A27FF6F229974FD00CFAD25 /* tls_cli.h */,
			);
			name = client;
			sourceTree = "<group>";
		};
		3A300B4C206FF5EA00ABE7C2 /* src */ = {
			isa = PBXGroup;
			children = (
				3A27FF91229979F200CFAD25 /* dump_info.c */,
				3A27FF92229979F300CFAD25 /* dump_info.h */,
				3A27FF69229974A100CFAD25 /* text_in_color.c */,
				3A27FF6A229974A200CFAD25 /* text_in_color.h */,
				3A9CCE3520CE318200D9E0DC /* tunnel.c */,
				3A9CCE3420CE318200D9E0DC /* tunnel.h */,
				3A95CC072070D26000E507E3 /* udprelay.c */,
				3A95CC082070D26000E507E3 /* udprelay.h */,
				3A300B73206FFA0900ABE7C2 /* ssrutils.c */,
				3A300B74206FFA0A00ABE7C2 /* ssrutils.h */,
				3A300B70206FF9A400ABE7C2 /* cache.c */,
				3A300B6F206FF9A300ABE7C2 /* cache.h */,
				3A300B6C206FF77E00ABE7C2 /* ssrbuffer.c */,
				3A300B6B206FF77E00ABE7C2 /* ssrbuffer.h */,
				3A300B5E206FF69D00ABE7C2 /* sockaddr_universal.c */,
				3A300B5F206FF69D00ABE7C2 /* sockaddr_universal.h */,
				3A300B60206FF69D00ABE7C2 /* ssr_cipher_names.c */,
				3A300B61206FF69D00ABE7C2 /* ssr_cipher_names.h */,
				3A300B5D206FF69D00ABE7C2 /* ssr_executive.c */,
				3A300B62206FF69D00ABE7C2 /* ssr_executive.h */,
				3A96C74B2590817100CE40A7 /* ssr_extern_def.h */,
				3A300B5B206FF69D00ABE7C2 /* ssr_qr_code.c */,
				3A300B5C206FF69D00ABE7C2 /* ssr_qr_code.h */,
				3A96C74E2590825000CE40A7 /* strtrim.c */,
				3A96C74F2590825000CE40A7 /* strtrim.h */,
				3A300B50206FF66500ABE7C2 /* common.h */,
				3A300B4E206FF66400ABE7C2 /* dump_info.c */,
				3A300B53206FF66500ABE7C2 /* dump_info.h */,
				3A300B4F206FF66500ABE7C2 /* encrypt.c */,
				3A300B51206FF66500ABE7C2 /* encrypt.h */,
				3A425B4A25346B0200EE3AC5 /* exe_file_path.c */,
				3A425B4925346B0200EE3AC5 /* exe_file_path.h */,
				3A425B4B25346B0200EE3AC5 /* ref_count_def.h */,
				3A929D142472ED250070E466 /* websocket_basic.c */,
				3A929D152472ED250070E466 /* websocket_basic.h */,
			);
			name = src;
			sourceTree = "<group>";
		};
		3A31839022F8697D00E7D266 /* http-parser */ = {
			isa = PBXGroup;
			children = (
				3A31839622F869EE00E7D266 /* http_parser_wrapper.c */,
				3A31839522F869EE00E7D266 /* http_parser_wrapper.h */,
				3A31839422F869EE00E7D266 /* http_parser.c */,
				3A31839722F869EE00E7D266 /* http_parser.h */,
			);
			name = "http-parser";
			sourceTree = "<group>";
		};
		3A57A5FD206F9D44002F1F2D = {
			isa = PBXGroup;
			children = (
				3A300B04206FF42E00ABE7C2 /* libuv.xcodeproj */,
				3A300AFD206FF41B00ABE7C2 /* libsodium.xcodeproj */,
				3A26B213206FB2EB0084360E /* mbedtls.xcodeproj */,
				3A31839022F8697D00E7D266 /* http-parser */,
				3A300B3D206FF55B00ABE7C2 /* client */,
				3A300B14206FF50B00ABE7C2 /* obfs */,
				3A6C0BFB2304106100FFF1D9 /* uv-mbed */,
				3A300B4C206FF5EA00ABE7C2 /* src */,
				3A57A609206F9D44002F1F2D /* ssrNative */,
				3A57A608206F9D44002F1F2D /* Products */,
				3A300B10206FF45500ABE7C2 /* Frameworks */,
			);
			sourceTree = "<group>";
		};
		3A57A608206F9D44002F1F2D /* Products */ = {
			isa = PBXGroup;
			children = (
				3A57A607206F9D44002F1F2D /* ssrNative.framework */,
				3A95CBA42070C7DA00E507E3 /* ssrNative.framework */,
			);
			name = Products;
			sourceTree = "<group>";
		};
		3A57A609206F9D44002F1F2D /* ssrNative */ = {
			isa = PBXGroup;
			children = (
				3A57A60A206F9D44002F1F2D /* ssrNative.h */,
				3A57A60B206F9D44002F1F2D /* Info.plist */,
			);
			path = ssrNative;
			sourceTree = "<group>";
		};
		3A6C0BFB2304106100FFF1D9 /* uv-mbed */ = {
			isa = PBXGroup;
			children = (
				3A6C0C052304109700FFF1D9 /* uv-mbed.h */,
				3A6C0BFE2304108C00FFF1D9 /* bio.c */,
				3A6C0BFC2304108C00FFF1D9 /* bio.h */,
				3A6C0BFD2304108C00FFF1D9 /* uv-mbed.c */,
			);
			name = "uv-mbed";
			sourceTree = "<group>";
		};
/* End PBXGroup section */

/* Begin PBXHeadersBuildPhase section */
		3A57A604206F9D44002F1F2D /* Headers */ = {
			isa = PBXHeadersBuildPhase;
			buildActionMask = 2147483647;
			files = (
				3A300B5A206FF66500ABE7C2 /* dump_info.h in Headers */,
				3A425B4C25346B0200EE3AC5 /* exe_file_path.h in Headers */,
				3A96C74C2590817100CE40A7 /* ssr_extern_def.h in Headers */,
				3A6C0BFF2304108C00FFF1D9 /* bio.h in Headers */,
				3A300B71206FF9A400ABE7C2 /* cache.h in Headers */,
				3A7D2CB320771D6A00D5766F /* ssr_client_api.h in Headers */,
				3A300B47206FF58300ABE7C2 /* defs.h in Headers */,
				3A300B37206FF54000ABE7C2 /* tls1.2_ticket.h in Headers */,
				3A300B64206FF69D00ABE7C2 /* ssr_qr_code.h in Headers */,
				3A300B2D206FF54000ABE7C2 /* cstl_lib.h in Headers */,
				3A300B67206FF69D00ABE7C2 /* sockaddr_universal.h in Headers */,
				3A300B2C206FF54000ABE7C2 /* auth.h in Headers */,
				3A300B35206FF54000ABE7C2 /* http_simple.h in Headers */,
				3A57A60C206F9D44002F1F2D /* ssrNative.h in Headers */,
				3A300B57206FF66500ABE7C2 /* common.h in Headers */,
				3A96C7522590825000CE40A7 /* strtrim.h in Headers */,
				3A300B2A206FF54000ABE7C2 /* verify.h in Headers */,
				3A300B38206FF54000ABE7C2 /* obfs.h in Headers */,
				3A425B5025346B0200EE3AC5 /* ref_count_def.h in Headers */,
				3A300B30206FF54000ABE7C2 /* obfsutil.h in Headers */,
				3A6C0C062304109700FFF1D9 /* uv-mbed.h in Headers */,
				3A300B3A206FF54000ABE7C2 /* crc32.h in Headers */,
				3A27FF6D229974A200CFAD25 /* text_in_color.h in Headers */,
				3A27FF71229974FD00CFAD25 /* tls_cli.h in Headers */,
				3A300B58206FF66500ABE7C2 /* encrypt.h in Headers */,
				3A300B76206FFA0A00ABE7C2 /* ssrutils.h in Headers */,
				3A31839A22F869EE00E7D266 /* http_parser_wrapper.h in Headers */,
				3A300B39206FF54000ABE7C2 /* auth_chain.h in Headers */,
				3A95CC0B2070D26100E507E3 /* udprelay.h in Headers */,
				3A300B69206FF69D00ABE7C2 /* ssr_cipher_names.h in Headers */,
				3A300B45206FF58300ABE7C2 /* s5.h in Headers */,
				3A9CCE3620CE318200D9E0DC /* tunnel.h in Headers */,
				3A300B6D206FF77E00ABE7C2 /* ssrbuffer.h in Headers */,
				3A929D182472ED250070E466 /* websocket_basic.h in Headers */,
				3A300B6A206FF69D00ABE7C2 /* ssr_executive.h in Headers */,
				3A300B3C206FF54000ABE7C2 /* base64.h in Headers */,
				3A31839E22F869EE00E7D266 /* http_parser.h in Headers */,
			);
			runOnlyForDeploymentPostprocessing = 0;
		};
		3A95CBA12070C7DA00E507E3 /* Headers */ = {
			isa = PBXHeadersBuildPhase;
			buildActionMask = 2147483647;
			files = (
				3A95CBB82070C8FD00E507E3 /* dump_info.h in Headers */,
				3A425B4D25346B0200EE3AC5 /* exe_file_path.h in Headers */,
				3A96C74D2590817100CE40A7 /* ssr_extern_def.h in Headers */,
				3A6C0C002304108C00FFF1D9 /* bio.h in Headers */,
				3A95CBC62070C92200E507E3 /* auth.h in Headers */,
				3A7D2CB420771D6A00D5766F /* ssr_client_api.h in Headers */,
				3A95CBDB2070C92D00E507E3 /* s5.h in Headers */,
				3A95CBAF2070C88C00E507E3 /* ssrNative.h in Headers */,
				3A95CBD82070C92C00E507E3 /* defs.h in Headers */,
				3A95CBB72070C8FD00E507E3 /* common.h in Headers */,
				3A95CBCA2070C92200E507E3 /* crc32.h in Headers */,
				3A95CBD42070C92200E507E3 /* tls1.2_ticket.h in Headers */,
				3A95CBC42070C92200E507E3 /* auth_chain.h in Headers */,
				3A95CBB02070C8D000E507E3 /* sockaddr_universal.h in Headers */,
				3A95CBB92070C8FD00E507E3 /* encrypt.h in Headers */,
				3A95CBB22070C8D000E507E3 /* ssr_executive.h in Headers */,
				3A96C7532590825000CE40A7 /* strtrim.h in Headers */,
				3A95CBD02070C92200E507E3 /* obfs.h in Headers */,
				3A95CBD22070C92200E507E3 /* obfsutil.h in Headers */,
				3A425B5125346B0200EE3AC5 /* ref_count_def.h in Headers */,
				3A6C0C072304109700FFF1D9 /* uv-mbed.h in Headers */,
				3A95CBB62070C8FD00E507E3 /* ssrbuffer.h in Headers */,
				3A27FF6E229974A200CFAD25 /* text_in_color.h in Headers */,
				3A27FF72229974FD00CFAD25 /* tls_cli.h in Headers */,
				3A95CBB32070C8D000E507E3 /* ssr_qr_code.h in Headers */,
				3A95CBB12070C8D000E507E3 /* ssr_cipher_names.h in Headers */,
				3A31839B22F869EE00E7D266 /* http_parser_wrapper.h in Headers */,
				3A95CBCC2070C92200E507E3 /* cstl_lib.h in Headers */,
				3A95CBB52070C8FD00E507E3 /* cache.h in Headers */,
				3A95CC0C2070D26100E507E3 /* udprelay.h in Headers */,
				3A95CBCE2070C92200E507E3 /* http_simple.h in Headers */,
				3A9CCE3720CE318200D9E0DC /* tunnel.h in Headers */,
				3A95CBB42070C8FD00E507E3 /* ssrutils.h in Headers */,
				3A929D192472ED250070E466 /* websocket_basic.h in Headers */,
				3A95CBC82070C92200E507E3 /* base64.h in Headers */,
				3A95CBD62070C92200E507E3 /* verify.h in Headers */,
				3A31839F22F869EE00E7D266 /* http_parser.h in Headers */,
			);
			runOnlyForDeploymentPostprocessing = 0;
		};
/* End PBXHeadersBuildPhase section */

/* Begin PBXNativeTarget section */
		3A57A606206F9D44002F1F2D /* ssrNative iOS */ = {
			isa = PBXNativeTarget;
			buildConfigurationList = 3A57A60F206F9D44002F1F2D /* Build configuration list for PBXNativeTarget "ssrNative iOS" */;
			buildPhases = (
				3A57A602206F9D44002F1F2D /* Sources */,
				3A57A603206F9D44002F1F2D /* Frameworks */,
				3A57A604206F9D44002F1F2D /* Headers */,
				3A57A605206F9D44002F1F2D /* Resources */,
			);
			buildRules = (
			);
			dependencies = (
				3A300B0B206FF44500ABE7C2 /* PBXTargetDependency */,
				3A300B0D206FF44500ABE7C2 /* PBXTargetDependency */,
				3A300B0F206FF44500ABE7C2 /* PBXTargetDependency */,
			);
			name = "ssrNative iOS";
			productName = ssrNative;
			productReference = 3A57A607206F9D44002F1F2D /* ssrNative.framework */;
			productType = "com.apple.product-type.framework";
		};
		3A95CBA32070C7DA00E507E3 /* ssrNative macOS */ = {
			isa = PBXNativeTarget;
			buildConfigurationList = 3A95CBAE2070C7DA00E507E3 /* Build configuration list for PBXNativeTarget "ssrNative macOS" */;
			buildPhases = (
				3A95CB9F2070C7DA00E507E3 /* Sources */,
				3A95CBA02070C7DA00E507E3 /* Frameworks */,
				3A95CBA12070C7DA00E507E3 /* Headers */,
				3A95CBA22070C7DA00E507E3 /* Resources */,
			);
			buildRules = (
			);
			dependencies = (
				3A95CBE82070CA3900E507E3 /* PBXTargetDependency */,
				3A95CBEA2070CA3900E507E3 /* PBXTargetDependency */,
				3A95CBEC2070CA3900E507E3 /* PBXTargetDependency */,
			);
			name = "ssrNative macOS";
			productName = ssrNative;
			productReference = 3A95CBA42070C7DA00E507E3 /* ssrNative.framework */;
			productType = "com.apple.product-type.framework";
		};
/* End PBXNativeTarget section */

/* Begin PBXProject section */
		3A57A5FE206F9D44002F1F2D /* Project object */ = {
			isa = PBXProject;
			attributes = {
				LastUpgradeCheck = 1110;
				ORGANIZATIONNAME = ssrLive;
				TargetAttributes = {
					3A57A606206F9D44002F1F2D = {
						CreatedOnToolsVersion = 9.2;
						ProvisioningStyle = Automatic;
					};
					3A95CBA32070C7DA00E507E3 = {
						CreatedOnToolsVersion = 9.3;
						ProvisioningStyle = Automatic;
					};
				};
			};
			buildConfigurationList = 3A57A601206F9D44002F1F2D /* Build configuration list for PBXProject "ssrNative" */;
			compatibilityVersion = "Xcode 8.0";
			developmentRegion = en;
			hasScannedForEncodings = 0;
			knownRegions = (
				en,
				Base,
			);
			mainGroup = 3A57A5FD206F9D44002F1F2D;
			productRefGroup = 3A57A608206F9D44002F1F2D /* Products */;
			projectDirPath = "";
			projectReferences = (
				{
					ProductGroup = 3A300AFE206FF41B00ABE7C2 /* Products */;
					ProjectRef = 3A300AFD206FF41B00ABE7C2 /* libsodium.xcodeproj */;
				},
				{
					ProductGroup = 3A300B05206FF42E00ABE7C2 /* Products */;
					ProjectRef = 3A300B04206FF42E00ABE7C2 /* libuv.xcodeproj */;
				},
				{
					ProductGroup = 3A26B214206FB2EB0084360E /* Products */;
					ProjectRef = 3A26B213206FB2EB0084360E /* mbedtls.xcodeproj */;
				},
			);
			projectRoot = "";
			targets = (
				3A57A606206F9D44002F1F2D /* ssrNative iOS */,
				3A95CBA32070C7DA00E507E3 /* ssrNative macOS */,
			);
		};
/* End PBXProject section */

/* Begin PBXReferenceProxy section */
		3A26B218206FB2EB0084360E /* mbedtls.framework */ = {
			isa = PBXReferenceProxy;
			fileType = wrapper.framework;
			path = mbedtls.framework;
			remoteRef = 3A26B217206FB2EB0084360E /* PBXContainerItemProxy */;
			sourceTree = BUILT_PRODUCTS_DIR;
		};
		3A300B02206FF41B00ABE7C2 /* libsodium.framework */ = {
			isa = PBXReferenceProxy;
			fileType = wrapper.framework;
			path = libsodium.framework;
			remoteRef = 3A300B01206FF41B00ABE7C2 /* PBXContainerItemProxy */;
			sourceTree = BUILT_PRODUCTS_DIR;
		};
		3A300B09206FF42E00ABE7C2 /* libuv.framework */ = {
			isa = PBXReferenceProxy;
			fileType = wrapper.framework;
			path = libuv.framework;
			remoteRef = 3A300B08206FF42E00ABE7C2 /* PBXContainerItemProxy */;
			sourceTree = BUILT_PRODUCTS_DIR;
		};
		3A95CB952070C6DC00E507E3 /* libsodium.framework */ = {
			isa = PBXReferenceProxy;
			fileType = wrapper.framework;
			path = libsodium.framework;
			remoteRef = 3A95CB942070C6DC00E507E3 /* PBXContainerItemProxy */;
			sourceTree = BUILT_PRODUCTS_DIR;
		};
		3A95CB982070C6DC00E507E3 /* libuv.framework */ = {
			isa = PBXReferenceProxy;
			fileType = wrapper.framework;
			path = libuv.framework;
			remoteRef = 3A95CB972070C6DC00E507E3 /* PBXContainerItemProxy */;
			sourceTree = BUILT_PRODUCTS_DIR;
		};
		3A95CB9B2070C6DC00E507E3 /* mbedtls.framework */ = {
			isa = PBXReferenceProxy;
			fileType = wrapper.framework;
			path = mbedtls.framework;
			remoteRef = 3A95CB9A2070C6DC00E507E3 /* PBXContainerItemProxy */;
			sourceTree = BUILT_PRODUCTS_DIR;
		};
/* End PBXReferenceProxy section */

/* Begin PBXResourcesBuildPhase section */
		3A57A605206F9D44002F1F2D /* Resources */ = {
			isa = PBXResourcesBuildPhase;
			buildActionMask = 2147483647;
			files = (
			);
			runOnlyForDeploymentPostprocessing = 0;
		};
		3A95CBA22070C7DA00E507E3 /* Resources */ = {
			isa = PBXResourcesBuildPhase;
			buildActionMask = 2147483647;
			files = (
			);
			runOnlyForDeploymentPostprocessing = 0;
		};
/* End PBXResourcesBuildPhase section */

/* Begin PBXSourcesBuildPhase section */
		3A57A602206F9D44002F1F2D /* Sources */ = {
			isa = PBXSourcesBuildPhase;
			buildActionMask = 2147483647;
			files = (
				3A300B66206FF69D00ABE7C2 /* sockaddr_universal.c in Sources */,
				3A300B49206FF58300ABE7C2 /* s5.c in Sources */,
				3A300B29206FF54000ABE7C2 /* obfs.c in Sources */,
				3A300B2F206FF54000ABE7C2 /* auth.c in Sources */,
				3A27FF6B229974A200CFAD25 /* text_in_color.c in Sources */,
				3A300B33206FF54000ABE7C2 /* verify.c in Sources */,
				3A300B75206FFA0A00ABE7C2 /* ssrutils.c in Sources */,
				3A300B2E206FF54000ABE7C2 /* obfsutil.c in Sources */,
				3A929D162472ED250070E466 /* websocket_basic.c in Sources */,
				3A9CCE3820CE318200D9E0DC /* tunnel.c in Sources */,
				3A300B72206FF9A400ABE7C2 /* cache.c in Sources */,
				3A300B6E206FF77E00ABE7C2 /* ssrbuffer.c in Sources */,
				3A31839822F869EE00E7D266 /* http_parser.c in Sources */,
				3A96C7502590825000CE40A7 /* strtrim.c in Sources */,
				3A425B4E25346B0200EE3AC5 /* exe_file_path.c in Sources */,
				3A95CC092070D26100E507E3 /* udprelay.c in Sources */,
				3A300B68206FF69D00ABE7C2 /* ssr_cipher_names.c in Sources */,
				3A300B32206FF54000ABE7C2 /* crc32.c in Sources */,
				3A6C0C032304108C00FFF1D9 /* bio.c in Sources */,
				3A300B2B206FF54000ABE7C2 /* http_simple.c in Sources */,
				3A31839C22F869EE00E7D266 /* http_parser_wrapper.c in Sources */,
				3A300B34206FF54000ABE7C2 /* base64.c in Sources */,
				3A6C0C012304108C00FFF1D9 /* uv-mbed.c in Sources */,
				3A300B4B206FF58300ABE7C2 /* listener.c in Sources */,
				3A300B48206FF58300ABE7C2 /* client.c in Sources */,
				3A300B63206FF69D00ABE7C2 /* ssr_qr_code.c in Sources */,
				3A300B36206FF54000ABE7C2 /* auth_chain.c in Sources */,
				3A300B31206FF54000ABE7C2 /* tls1.2_ticket.c in Sources */,
				3A300B3B206FF54000ABE7C2 /* cstl_lib.c in Sources */,
				3A27FF73229974FD00CFAD25 /* tls_cli.c in Sources */,
				3A300B65206FF69D00ABE7C2 /* ssr_executive.c in Sources */,
				3A300B55206FF66500ABE7C2 /* dump_info.c in Sources */,
				3A300B56206FF66500ABE7C2 /* encrypt.c in Sources */,
			);
			runOnlyForDeploymentPostprocessing = 0;
		};
		3A95CB9F2070C7DA00E507E3 /* Sources */ = {
			isa = PBXSourcesBuildPhase;
			buildActionMask = 2147483647;
			files = (
				3A95CBC02070C90C00E507E3 /* ssr_qr_code.c in Sources */,
				3A95CBD52070C92200E507E3 /* verify.c in Sources */,
				3A95CBD92070C92D00E507E3 /* listener.c in Sources */,
				3A95CBDA2070C92D00E507E3 /* s5.c in Sources */,
				3A27FF6C229974A200CFAD25 /* text_in_color.c in Sources */,
				3A95CBCF2070C92200E507E3 /* obfs.c in Sources */,
				3A95CBC52070C92200E507E3 /* auth.c in Sources */,
				3A95CBCD2070C92200E507E3 /* http_simple.c in Sources */,
				3A929D172472ED250070E466 /* websocket_basic.c in Sources */,
				3A9CCE3920CE318200D9E0DC /* tunnel.c in Sources */,
				3A95CBBE2070C90C00E507E3 /* ssr_cipher_names.c in Sources */,
				3A95CBD12070C92200E507E3 /* obfsutil.c in Sources */,
				3A31839922F869EE00E7D266 /* http_parser.c in Sources */,
				3A96C7512590825000CE40A7 /* strtrim.c in Sources */,
				3A425B4F25346B0200EE3AC5 /* exe_file_path.c in Sources */,
				3A95CC0A2070D26100E507E3 /* udprelay.c in Sources */,
				3A95CBBD2070C90C00E507E3 /* sockaddr_universal.c in Sources */,
				3A95CBD72070C92C00E507E3 /* client.c in Sources */,
				3A6C0C042304108C00FFF1D9 /* bio.c in Sources */,
				3A95CBBC2070C90C00E507E3 /* ssrbuffer.c in Sources */,
				3A31839D22F869EE00E7D266 /* http_parser_wrapper.c in Sources */,
				3A95CBBF2070C90C00E507E3 /* ssr_executive.c in Sources */,
				3A6C0C022304108C00FFF1D9 /* uv-mbed.c in Sources */,
				3A95CBC22070C90C00E507E3 /* encrypt.c in Sources */,
				3A95CBC92070C92200E507E3 /* crc32.c in Sources */,
				3A95CBD32070C92200E507E3 /* tls1.2_ticket.c in Sources */,
				3A95CBC12070C90C00E507E3 /* dump_info.c in Sources */,
				3A95CBC32070C92200E507E3 /* auth_chain.c in Sources */,
				3A95CBBB2070C90C00E507E3 /* cache.c in Sources */,
				3A27FF74229974FD00CFAD25 /* tls_cli.c in Sources */,
				3A95CBC72070C92200E507E3 /* base64.c in Sources */,
				3A95CBBA2070C90C00E507E3 /* ssrutils.c in Sources */,
				3A95CBCB2070C92200E507E3 /* cstl_lib.c in Sources */,
			);
			runOnlyForDeploymentPostprocessing = 0;
		};
/* End PBXSourcesBuildPhase section */

/* Begin PBXTargetDependency section */
		3A300B0B206FF44500ABE7C2 /* PBXTargetDependency */ = {
			isa = PBXTargetDependency;
			name = libuv;
			targetProxy = 3A300B0A206FF44500ABE7C2 /* PBXContainerItemProxy */;
		};
		3A300B0D206FF44500ABE7C2 /* PBXTargetDependency */ = {
			isa = PBXTargetDependency;
			name = libsodium;
			targetProxy = 3A300B0C206FF44500ABE7C2 /* PBXContainerItemProxy */;
		};
		3A300B0F206FF44500ABE7C2 /* PBXTargetDependency */ = {
			isa = PBXTargetDependency;
			name = mbedtls;
			targetProxy = 3A300B0E206FF44500ABE7C2 /* PBXContainerItemProxy */;
		};
		3A95CBE82070CA3900E507E3 /* PBXTargetDependency */ = {
			isa = PBXTargetDependency;
			name = "libuv macOS";
			targetProxy = 3A95CBE72070CA3900E507E3 /* PBXContainerItemProxy */;
		};
		3A95CBEA2070CA3900E507E3 /* PBXTargetDependency */ = {
			isa = PBXTargetDependency;
			name = "libsodium macOS";
			targetProxy = 3A95CBE92070CA3900E507E3 /* PBXContainerItemProxy */;
		};
		3A95CBEC2070CA3900E507E3 /* PBXTargetDependency */ = {
			isa = PBXTargetDependency;
			name = "mbedtls macOS";
			targetProxy = 3A95CBEB2070CA3900E507E3 /* PBXContainerItemProxy */;
		};
/* End PBXTargetDependency section */

/* Begin XCBuildConfiguration section */
		3A57A60D206F9D44002F1F2D /* Debug */ = {
			isa = XCBuildConfiguration;
			buildSettings = {
				ALWAYS_SEARCH_USER_PATHS = NO;
				CLANG_ANALYZER_NONNULL = YES;
				CLANG_ANALYZER_NUMBER_OBJECT_CONVERSION = YES_AGGRESSIVE;
				CLANG_CXX_LANGUAGE_STANDARD = "gnu++14";
				CLANG_CXX_LIBRARY = "libc++";
				CLANG_ENABLE_MODULES = YES;
				CLANG_ENABLE_OBJC_ARC = YES;
				CLANG_WARN_BLOCK_CAPTURE_AUTORELEASING = YES;
				CLANG_WARN_BOOL_CONVERSION = YES;
				CLANG_WARN_COMMA = YES;
				CLANG_WARN_CONSTANT_CONVERSION = YES;
				CLANG_WARN_DEPRECATED_OBJC_IMPLEMENTATIONS = YES;
				CLANG_WARN_DIRECT_OBJC_ISA_USAGE = YES_ERROR;
				CLANG_WARN_DOCUMENTATION_COMMENTS = YES;
				CLANG_WARN_EMPTY_BODY = YES;
				CLANG_WARN_ENUM_CONVERSION = YES;
				CLANG_WARN_INFINITE_RECURSION = YES;
				CLANG_WARN_INT_CONVERSION = YES;
				CLANG_WARN_NON_LITERAL_NULL_CONVERSION = YES;
				CLANG_WARN_OBJC_IMPLICIT_RETAIN_SELF = YES;
				CLANG_WARN_OBJC_LITERAL_CONVERSION = YES;
				CLANG_WARN_OBJC_ROOT_CLASS = YES_ERROR;
				CLANG_WARN_RANGE_LOOP_ANALYSIS = YES;
				CLANG_WARN_STRICT_PROTOTYPES = YES;
				CLANG_WARN_SUSPICIOUS_MOVE = YES;
				CLANG_WARN_UNGUARDED_AVAILABILITY = YES_AGGRESSIVE;
				CLANG_WARN_UNREACHABLE_CODE = YES;
				CLANG_WARN__DUPLICATE_METHOD_MATCH = YES;
				CODE_SIGN_IDENTITY = "iPhone Developer";
				COPY_PHASE_STRIP = NO;
				CURRENT_PROJECT_VERSION = 1;
				DEBUG_INFORMATION_FORMAT = dwarf;
				ENABLE_STRICT_OBJC_MSGSEND = YES;
				ENABLE_TESTABILITY = YES;
				GCC_C_LANGUAGE_STANDARD = gnu11;
				GCC_DYNAMIC_NO_PIC = NO;
				GCC_NO_COMMON_BLOCKS = YES;
				GCC_OPTIMIZATION_LEVEL = 0;
				GCC_PREPROCESSOR_DEFINITIONS = (
					"DEBUG=1",
					"$(inherited)",
				);
				GCC_WARN_64_TO_32_BIT_CONVERSION = YES;
				GCC_WARN_ABOUT_RETURN_TYPE = YES_ERROR;
				GCC_WARN_UNDECLARED_SELECTOR = YES;
				GCC_WARN_UNINITIALIZED_AUTOS = YES_AGGRESSIVE;
				GCC_WARN_UNUSED_FUNCTION = YES;
				GCC_WARN_UNUSED_VARIABLE = YES;
				IPHONEOS_DEPLOYMENT_TARGET = 9.0;
				MACOSX_DEPLOYMENT_TARGET = 10.9;
				MTL_ENABLE_DEBUG_INFO = YES;
				ONLY_ACTIVE_ARCH = YES;
				SDKROOT = iphoneos;
				VERSIONING_SYSTEM = "apple-generic";
				VERSION_INFO_PREFIX = "";
			};
			name = Debug;
		};
		3A57A60E206F9D44002F1F2D /* Release */ = {
			isa = XCBuildConfiguration;
			buildSettings = {
				ALWAYS_SEARCH_USER_PATHS = NO;
				CLANG_ANALYZER_NONNULL = YES;
				CLANG_ANALYZER_NUMBER_OBJECT_CONVERSION = YES_AGGRESSIVE;
				CLANG_CXX_LANGUAGE_STANDARD = "gnu++14";
				CLANG_CXX_LIBRARY = "libc++";
				CLANG_ENABLE_MODULES = YES;
				CLANG_ENABLE_OBJC_ARC = YES;
				CLANG_WARN_BLOCK_CAPTURE_AUTORELEASING = YES;
				CLANG_WARN_BOOL_CONVERSION = YES;
				CLANG_WARN_COMMA = YES;
				CLANG_WARN_CONSTANT_CONVERSION = YES;
				CLANG_WARN_DEPRECATED_OBJC_IMPLEMENTATIONS = YES;
				CLANG_WARN_DIRECT_OBJC_ISA_USAGE = YES_ERROR;
				CLANG_WARN_DOCUMENTATION_COMMENTS = YES;
				CLANG_WARN_EMPTY_BODY = YES;
				CLANG_WARN_ENUM_CONVERSION = YES;
				CLANG_WARN_INFINITE_RECURSION = YES;
				CLANG_WARN_INT_CONVERSION = YES;
				CLANG_WARN_NON_LITERAL_NULL_CONVERSION = YES;
				CLANG_WARN_OBJC_IMPLICIT_RETAIN_SELF = YES;
				CLANG_WARN_OBJC_LITERAL_CONVERSION = YES;
				CLANG_WARN_OBJC_ROOT_CLASS = YES_ERROR;
				CLANG_WARN_RANGE_LOOP_ANALYSIS = YES;
				CLANG_WARN_STRICT_PROTOTYPES = YES;
				CLANG_WARN_SUSPICIOUS_MOVE = YES;
				CLANG_WARN_UNGUARDED_AVAILABILITY = YES_AGGRESSIVE;
				CLANG_WARN_UNREACHABLE_CODE = YES;
				CLANG_WARN__DUPLICATE_METHOD_MATCH = YES;
				CODE_SIGN_IDENTITY = "iPhone Developer";
				COPY_PHASE_STRIP = NO;
				CURRENT_PROJECT_VERSION = 1;
				DEBUG_INFORMATION_FORMAT = "dwarf-with-dsym";
				ENABLE_NS_ASSERTIONS = NO;
				ENABLE_STRICT_OBJC_MSGSEND = YES;
				GCC_C_LANGUAGE_STANDARD = gnu11;
				GCC_NO_COMMON_BLOCKS = YES;
				GCC_WARN_64_TO_32_BIT_CONVERSION = YES;
				GCC_WARN_ABOUT_RETURN_TYPE = YES_ERROR;
				GCC_WARN_UNDECLARED_SELECTOR = YES;
				GCC_WARN_UNINITIALIZED_AUTOS = YES_AGGRESSIVE;
				GCC_WARN_UNUSED_FUNCTION = YES;
				GCC_WARN_UNUSED_VARIABLE = YES;
				IPHONEOS_DEPLOYMENT_TARGET = 9.0;
				MACOSX_DEPLOYMENT_TARGET = 10.9;
				MTL_ENABLE_DEBUG_INFO = NO;
				SDKROOT = iphoneos;
				VALIDATE_PRODUCT = YES;
				VERSIONING_SYSTEM = "apple-generic";
				VERSION_INFO_PREFIX = "";
			};
			name = Release;
		};
		3A57A610206F9D44002F1F2D /* Debug */ = {
			isa = XCBuildConfiguration;
			buildSettings = {
				CODE_SIGN_IDENTITY = "";
				CODE_SIGN_STYLE = Automatic;
				DEFINES_MODULE = YES;
				DEVELOPMENT_TEAM = "";
				DYLIB_COMPATIBILITY_VERSION = 1;
				DYLIB_CURRENT_VERSION = 1;
				DYLIB_INSTALL_NAME_BASE = "@rpath";
				GCC_PREPROCESSOR_DEFINITIONS = (
					MODULE_LOCAL,
					UDP_RELAY_ENABLE,
					HAVE_DECL_INET_NTOP,
					USE_CRYPTO_MBEDTLS,
					"$(inherited)",
				);
				HEADER_SEARCH_PATHS = (
					../depends/libuv/include/,
					../depends/libsodium/src/libsodium/include,
					../depends/libsodium/src/libsodium/include/sodium,
					../depends/libsodium/ssrbuild/include,
					../depends/mbedtls/include,
					"../depends/uv-mbed/include",
				);
				INFOPLIST_FILE = ssrNative/Info.plist;
				INSTALL_PATH = "$(LOCAL_LIBRARY_DIR)/Frameworks";
				LD_RUNPATH_SEARCH_PATHS = "$(inherited) @executable_path/Frameworks @loader_path/Frameworks";
				PRODUCT_BUNDLE_IDENTIFIER = com.ssrlive.ssrNative;
				PRODUCT_NAME = ssrNative;
				SKIP_INSTALL = YES;
				TARGETED_DEVICE_FAMILY = "1,2";
			};
			name = Debug;
		};
		3A57A611206F9D44002F1F2D /* Release */ = {
			isa = XCBuildConfiguration;
			buildSettings = {
				CODE_SIGN_IDENTITY = "";
				CODE_SIGN_STYLE = Automatic;
				DEFINES_MODULE = YES;
				DEVELOPMENT_TEAM = "";
				DYLIB_COMPATIBILITY_VERSION = 1;
				DYLIB_CURRENT_VERSION = 1;
				DYLIB_INSTALL_NAME_BASE = "@rpath";
				GCC_PREPROCESSOR_DEFINITIONS = (
					MODULE_LOCAL,
					UDP_RELAY_ENABLE,
					HAVE_DECL_INET_NTOP,
					USE_CRYPTO_MBEDTLS,
					"$(inherited)",
				);
				HEADER_SEARCH_PATHS = (
					../depends/libuv/include/,
					../depends/libsodium/src/libsodium/include,
					../depends/libsodium/src/libsodium/include/sodium,
					../depends/libsodium/ssrbuild/include,
					../depends/mbedtls/include,
					"../depends/uv-mbed/include",
				);
				INFOPLIST_FILE = ssrNative/Info.plist;
				INSTALL_PATH = "$(LOCAL_LIBRARY_DIR)/Frameworks";
				LD_RUNPATH_SEARCH_PATHS = "$(inherited) @executable_path/Frameworks @loader_path/Frameworks";
				PRODUCT_BUNDLE_IDENTIFIER = com.ssrlive.ssrNative;
				PRODUCT_NAME = ssrNative;
				SKIP_INSTALL = YES;
				TARGETED_DEVICE_FAMILY = "1,2";
			};
			name = Release;
		};
		3A95CBA92070C7DA00E507E3 /* Debug */ = {
			isa = XCBuildConfiguration;
			buildSettings = {
				CLANG_ENABLE_OBJC_WEAK = YES;
				CLANG_WARN_DEPRECATED_OBJC_IMPLEMENTATIONS = YES;
				CLANG_WARN_OBJC_IMPLICIT_RETAIN_SELF = YES;
				CODE_SIGN_IDENTITY = "-";
				CODE_SIGN_STYLE = Automatic;
				COMBINE_HIDPI_IMAGES = YES;
				DEFINES_MODULE = YES;
				DYLIB_COMPATIBILITY_VERSION = 1;
				DYLIB_CURRENT_VERSION = 1;
				DYLIB_INSTALL_NAME_BASE = "@rpath";
				FRAMEWORK_VERSION = A;
				GCC_PREPROCESSOR_DEFINITIONS = (
					MODULE_LOCAL,
					UDP_RELAY_ENABLE,
					HAVE_DECL_INET_NTOP,
					USE_CRYPTO_MBEDTLS,
					"$(inherited)",
				);
				HEADER_SEARCH_PATHS = (
					../depends/libuv/include/,
					../depends/libsodium/src/libsodium/include,
					../depends/libsodium/src/libsodium/include/sodium,
					../depends/libsodium/ssrbuild/include,
					../depends/mbedtls/include,
					"../depends/uv-mbed/include",
				);
				INFOPLIST_FILE = ssrNative/Info.plist;
				INSTALL_PATH = "$(LOCAL_LIBRARY_DIR)/Frameworks";
				LD_RUNPATH_SEARCH_PATHS = "$(inherited) @executable_path/../Frameworks @loader_path/Frameworks";
				PRODUCT_BUNDLE_IDENTIFIER = com.ssrlive.ssrNative;
				PRODUCT_NAME = ssrNative;
				SDKROOT = macosx;
				SKIP_INSTALL = YES;
			};
			name = Debug;
		};
		3A95CBAA2070C7DA00E507E3 /* Release */ = {
			isa = XCBuildConfiguration;
			buildSettings = {
				CLANG_ENABLE_OBJC_WEAK = YES;
				CLANG_WARN_DEPRECATED_OBJC_IMPLEMENTATIONS = YES;
				CLANG_WARN_OBJC_IMPLICIT_RETAIN_SELF = YES;
				CODE_SIGN_IDENTITY = "-";
				CODE_SIGN_STYLE = Automatic;
				COMBINE_HIDPI_IMAGES = YES;
				DEFINES_MODULE = YES;
				DYLIB_COMPATIBILITY_VERSION = 1;
				DYLIB_CURRENT_VERSION = 1;
				DYLIB_INSTALL_NAME_BASE = "@rpath";
				FRAMEWORK_VERSION = A;
				GCC_PREPROCESSOR_DEFINITIONS = (
					MODULE_LOCAL,
					UDP_RELAY_ENABLE,
					HAVE_DECL_INET_NTOP,
					USE_CRYPTO_MBEDTLS,
					"$(inherited)",
				);
				HEADER_SEARCH_PATHS = (
					../depends/libuv/include/,
					../depends/libsodium/src/libsodium/include,
					../depends/libsodium/src/libsodium/include/sodium,
					../depends/libsodium/ssrbuild/include,
					../depends/mbedtls/include,
					"../depends/uv-mbed/include",
				);
				INFOPLIST_FILE = ssrNative/Info.plist;
				INSTALL_PATH = "$(LOCAL_LIBRARY_DIR)/Frameworks";
				LD_RUNPATH_SEARCH_PATHS = "$(inherited) @executable_path/../Frameworks @loader_path/Frameworks";
				PRODUCT_BUNDLE_IDENTIFIER = com.ssrlive.ssrNative;
				PRODUCT_NAME = ssrNative;
				SDKROOT = macosx;
				SKIP_INSTALL = YES;
			};
			name = Release;
		};
/* End XCBuildConfiguration section */

/* Begin XCConfigurationList section */
		3A57A601206F9D44002F1F2D /* Build configuration list for PBXProject "ssrNative" */ = {
			isa = XCConfigurationList;
			buildConfigurations = (
				3A57A60D206F9D44002F1F2D /* Debug */,
				3A57A60E206F9D44002F1F2D /* Release */,
			);
			defaultConfigurationIsVisible = 0;
			defaultConfigurationName = Release;
		};
		3A57A60F206F9D44002F1F2D /* Build configuration list for PBXNativeTarget "ssrNative iOS" */ = {
			isa = XCConfigurationList;
			buildConfigurations = (
				3A57A610206F9D44002F1F2D /* Debug */,
				3A57A611206F9D44002F1F2D /* Release */,
			);
			defaultConfigurationIsVisible = 0;
			defaultConfigurationName = Release;
		};
		3A95CBAE2070C7DA00E507E3 /* Build configuration list for PBXNativeTarget "ssrNative macOS" */ = {
			isa = XCConfigurationList;
			buildConfigurations = (
				3A95CBA92070C7DA00E507E3 /* Debug */,
				3A95CBAA2070C7DA00E507E3 /* Release */,
			);
			defaultConfigurationIsVisible = 0;
			defaultConfigurationName = Release;
		};
/* End XCConfigurationList section */
	};
	rootObject = 3A57A5FE206F9D44002F1F2D /* Project object */;
}
